// !$*UTF8*$!
{
	archiveVersion = 1;
	classes = {
	};
	objectVersion = 46;
	objects = {

/* Begin PBXBuildFile section */
		1AC6FB21180E996B004C840B /* libcocos2d Mac.a in Frameworks */ = {isa = PBXBuildFile; fileRef = 1AC6FAF9180E9839004C840B /* libcocos2d Mac.a */; };
		1AC6FB30180E99EB004C840B /* libcocos2d iOS.a in Frameworks */ = {isa = PBXBuildFile; fileRef = 1AC6FB07180E9839004C840B /* libcocos2d iOS.a */; };
		1D60589F0D05DD5A006BFB54 /* Foundation.framework in Frameworks */ = {isa = PBXBuildFile; fileRef = 1D30AB110D05D00D00671497 /* Foundation.framework */; };
		1DF5F4E00D08C38300B7A737 /* UIKit.framework in Frameworks */ = {isa = PBXBuildFile; fileRef = 1DF5F4DF0D08C38300B7A737 /* UIKit.framework */; };
		288765A50DF7441C002DB57D /* CoreGraphics.framework in Frameworks */ = {isa = PBXBuildFile; fileRef = 288765A40DF7441C002DB57D /* CoreGraphics.framework */; };
		46880B7B19C43A67006E1F66 /* CloseNormal.png in Resources */ = {isa = PBXBuildFile; fileRef = 46880B7619C43A67006E1F66 /* CloseNormal.png */; };
		46880B7C19C43A67006E1F66 /* CloseNormal.png in Resources */ = {isa = PBXBuildFile; fileRef = 46880B7619C43A67006E1F66 /* CloseNormal.png */; };
		46880B7D19C43A67006E1F66 /* CloseSelected.png in Resources */ = {isa = PBXBuildFile; fileRef = 46880B7719C43A67006E1F66 /* CloseSelected.png */; };
		46880B7E19C43A67006E1F66 /* CloseSelected.png in Resources */ = {isa = PBXBuildFile; fileRef = 46880B7719C43A67006E1F66 /* CloseSelected.png */; };
		46880B8119C43A67006E1F66 /* HelloWorld.png in Resources */ = {isa = PBXBuildFile; fileRef = 46880B7A19C43A67006E1F66 /* HelloWorld.png */; };
		46880B8219C43A67006E1F66 /* HelloWorld.png in Resources */ = {isa = PBXBuildFile; fileRef = 46880B7A19C43A67006E1F66 /* HelloWorld.png */; };
		46880B8819C43A87006E1F66 /* AppDelegate.cpp in Sources */ = {isa = PBXBuildFile; fileRef = 46880B8419C43A87006E1F66 /* AppDelegate.cpp */; };
		46880B8919C43A87006E1F66 /* AppDelegate.cpp in Sources */ = {isa = PBXBuildFile; fileRef = 46880B8419C43A87006E1F66 /* AppDelegate.cpp */; };
		46880B8A19C43A87006E1F66 /* HelloWorldScene.cpp in Sources */ = {isa = PBXBuildFile; fileRef = 46880B8619C43A87006E1F66 /* HelloWorldScene.cpp */; };
		46880B8B19C43A87006E1F66 /* HelloWorldScene.cpp in Sources */ = {isa = PBXBuildFile; fileRef = 46880B8619C43A87006E1F66 /* HelloWorldScene.cpp */; };
		503AE0F817EB97AB00D1A890 /* Icon.icns in Resources */ = {isa = PBXBuildFile; fileRef = 503AE0F617EB97AB00D1A890 /* Icon.icns */; };
		503AE10017EB989F00D1A890 /* AppController.mm in Sources */ = {isa = PBXBuildFile; fileRef = 503AE0FB17EB989F00D1A890 /* AppController.mm */; };
		503AE10117EB989F00D1A890 /* main.m in Sources */ = {isa = PBXBuildFile; fileRef = 503AE0FC17EB989F00D1A890 /* main.m */; };
		503AE10217EB989F00D1A890 /* RootViewController.mm in Sources */ = {isa = PBXBuildFile; fileRef = 503AE0FF17EB989F00D1A890 /* RootViewController.mm */; };
		503AE10517EB98FF00D1A890 /* main.cpp in Sources */ = {isa = PBXBuildFile; fileRef = 503AE10317EB98FF00D1A890 /* main.cpp */; };
		503AE11B17EB9C5A00D1A890 /* IOKit.framework in Frameworks */ = {isa = PBXBuildFile; fileRef = 503AE11A17EB9C5A00D1A890 /* IOKit.framework */; };
		5087E76317EB910900C73F5D /* Foundation.framework in Frameworks */ = {isa = PBXBuildFile; fileRef = 1D30AB110D05D00D00671497 /* Foundation.framework */; };
		5087E76717EB910900C73F5D /* libz.dylib in Frameworks */ = {isa = PBXBuildFile; fileRef = BF170DB412928DE900B8313A /* libz.dylib */; };
		5087E76817EB910900C73F5D /* QuartzCore.framework in Frameworks */ = {isa = PBXBuildFile; fileRef = BF1C47EA1293683800B63C5D /* QuartzCore.framework */; };
		5087E76917EB910900C73F5D /* OpenAL.framework in Frameworks */ = {isa = PBXBuildFile; fileRef = D44C620B132DFF330009C878 /* OpenAL.framework */; };
		5087E76A17EB910900C73F5D /* AVFoundation.framework in Frameworks */ = {isa = PBXBuildFile; fileRef = D44C620D132DFF430009C878 /* AVFoundation.framework */; };
		5087E76B17EB910900C73F5D /* AudioToolbox.framework in Frameworks */ = {isa = PBXBuildFile; fileRef = D44C620F132DFF4E0009C878 /* AudioToolbox.framework */; };
		5087E77D17EB970100C73F5D /* Default-568h@2x.png in Resources */ = {isa = PBXBuildFile; fileRef = 5087E77217EB970100C73F5D /* Default-568h@2x.png */; };
		5087E77E17EB970100C73F5D /* Default.png in Resources */ = {isa = PBXBuildFile; fileRef = 5087E77317EB970100C73F5D /* Default.png */; };
		5087E77F17EB970100C73F5D /* Default@2x.png in Resources */ = {isa = PBXBuildFile; fileRef = 5087E77417EB970100C73F5D /* Default@2x.png */; };
		5087E78017EB970100C73F5D /* Icon-114.png in Resources */ = {isa = PBXBuildFile; fileRef = 5087E77517EB970100C73F5D /* Icon-114.png */; };
		5087E78117EB970100C73F5D /* Icon-120.png in Resources */ = {isa = PBXBuildFile; fileRef = 5087E77617EB970100C73F5D /* Icon-120.png */; };
		5087E78217EB970100C73F5D /* Icon-144.png in Resources */ = {isa = PBXBuildFile; fileRef = 5087E77717EB970100C73F5D /* Icon-144.png */; };
		5087E78317EB970100C73F5D /* Icon-152.png in Resources */ = {isa = PBXBuildFile; fileRef = 5087E77817EB970100C73F5D /* Icon-152.png */; };
		5087E78417EB970100C73F5D /* Icon-57.png in Resources */ = {isa = PBXBuildFile; fileRef = 5087E77917EB970100C73F5D /* Icon-57.png */; };
		5087E78517EB970100C73F5D /* Icon-72.png in Resources */ = {isa = PBXBuildFile; fileRef = 5087E77A17EB970100C73F5D /* Icon-72.png */; };
		5087E78617EB970100C73F5D /* Icon-76.png in Resources */ = {isa = PBXBuildFile; fileRef = 5087E77B17EB970100C73F5D /* Icon-76.png */; };
		5087E78917EB974C00C73F5D /* AppKit.framework in Frameworks */ = {isa = PBXBuildFile; fileRef = 5087E78817EB974C00C73F5D /* AppKit.framework */; };
		5087E78B17EB975400C73F5D /* OpenGL.framework in Frameworks */ = {isa = PBXBuildFile; fileRef = 5087E78A17EB975400C73F5D /* OpenGL.framework */; };
		50EF629617ECD46A001EB2F8 /* Icon-40.png in Resources */ = {isa = PBXBuildFile; fileRef = 50EF629217ECD46A001EB2F8 /* Icon-40.png */; };
		50EF629717ECD46A001EB2F8 /* Icon-58.png in Resources */ = {isa = PBXBuildFile; fileRef = 50EF629317ECD46A001EB2F8 /* Icon-58.png */; };
		50EF629817ECD46A001EB2F8 /* Icon-80.png in Resources */ = {isa = PBXBuildFile; fileRef = 50EF629417ECD46A001EB2F8 /* Icon-80.png */; };
		50EF629917ECD46A001EB2F8 /* Icon-100.png in Resources */ = {isa = PBXBuildFile; fileRef = 50EF629517ECD46A001EB2F8 /* Icon-100.png */; };
		50EF62A217ECD613001EB2F8 /* Icon-29.png in Resources */ = {isa = PBXBuildFile; fileRef = 50EF62A017ECD613001EB2F8 /* Icon-29.png */; };
		50EF62A317ECD613001EB2F8 /* Icon-50.png in Resources */ = {isa = PBXBuildFile; fileRef = 50EF62A117ECD613001EB2F8 /* Icon-50.png */; };
		521A8E6419F0C34300D177D7 /* Default-667h@2x.png in Resources */ = {isa = PBXBuildFile; fileRef = 521A8E6219F0C34300D177D7 /* Default-667h@2x.png */; };
		521A8E6519F0C34300D177D7 /* Default-736h@3x.png in Resources */ = {isa = PBXBuildFile; fileRef = 521A8E6319F0C34300D177D7 /* Default-736h@3x.png */; };
		521A8EA919F11F5000D177D7 /* fonts in Resources */ = {isa = PBXBuildFile; fileRef = 521A8EA819F11F5000D177D7 /* fonts */; };
		521A8EAA19F11F5000D177D7 /* fonts in Resources */ = {isa = PBXBuildFile; fileRef = 521A8EA819F11F5000D177D7 /* fonts */; };
		52B47A471A53D09C004E4C60 /* Security.framework in Frameworks */ = {isa = PBXBuildFile; fileRef = 52B47A461A53D09B004E4C60 /* Security.framework */; };
		73407B681D807FC400895146 /* SpaceShipScene.cpp in Sources */ = {isa = PBXBuildFile; fileRef = 73407B661D807FC400895146 /* SpaceShipScene.cpp */; };
		73407B691D807FC400895146 /* SpaceShipScene.cpp in Sources */ = {isa = PBXBuildFile; fileRef = 73407B661D807FC400895146 /* SpaceShipScene.cpp */; };
		73407B6C1D80812500895146 /* SpaceShipTest.cpp in Sources */ = {isa = PBXBuildFile; fileRef = 73407B6A1D80812500895146 /* SpaceShipTest.cpp */; };
		73407B6D1D80812500895146 /* SpaceShipTest.cpp in Sources */ = {isa = PBXBuildFile; fileRef = 73407B6A1D80812500895146 /* SpaceShipTest.cpp */; };
		7371140E1D7F0EB200645431 /* MainScene.cpp in Sources */ = {isa = PBXBuildFile; fileRef = 7371140C1D7F0EB200645431 /* MainScene.cpp */; };
		7371140F1D7F0EB200645431 /* MainScene.cpp in Sources */ = {isa = PBXBuildFile; fileRef = 7371140C1D7F0EB200645431 /* MainScene.cpp */; };
		737114131D7F10B600645431 /* ViewHelper.cpp in Sources */ = {isa = PBXBuildFile; fileRef = 737114111D7F10B600645431 /* ViewHelper.cpp */; };
		737114141D7F10B600645431 /* ViewHelper.cpp in Sources */ = {isa = PBXBuildFile; fileRef = 737114111D7F10B600645431 /* ViewHelper.cpp */; };
		737114171D7F11D800645431 /* MainSceneTest.cpp in Sources */ = {isa = PBXBuildFile; fileRef = 737114151D7F11D800645431 /* MainSceneTest.cpp */; };
		737114181D7F11D800645431 /* MainSceneTest.cpp in Sources */ = {isa = PBXBuildFile; fileRef = 737114151D7F11D800645431 /* MainSceneTest.cpp */; };
		7371141B1D7F13FB00645431 /* FlashLightTest.cpp in Sources */ = {isa = PBXBuildFile; fileRef = 737114191D7F13FB00645431 /* FlashLightTest.cpp */; };
		7371141C1D7F13FB00645431 /* FlashLightTest.cpp in Sources */ = {isa = PBXBuildFile; fileRef = 737114191D7F13FB00645431 /* FlashLightTest.cpp */; };
		7371141F1D7FA51100645431 /* FlashLightScene.cpp in Sources */ = {isa = PBXBuildFile; fileRef = 7371141D1D7FA51100645431 /* FlashLightScene.cpp */; };
		737114201D7FA51100645431 /* FlashLightScene.cpp in Sources */ = {isa = PBXBuildFile; fileRef = 7371141D1D7FA51100645431 /* FlashLightScene.cpp */; };
		7384BF2D1D760C8400B9A522 /* Images.xcassets in Resources */ = {isa = PBXBuildFile; fileRef = 7384BF2C1D760C8400B9A522 /* Images.xcassets */; };
		7384BF301D7660DD00B9A522 /* CocosGUITest.cpp in Sources */ = {isa = PBXBuildFile; fileRef = 7384BF2E1D7660DD00B9A522 /* CocosGUITest.cpp */; };
		7384BF351D76613500B9A522 /* font in Resources */ = {isa = PBXBuildFile; fileRef = 7384BF311D76613500B9A522 /* font */; };
		7384BF361D76613500B9A522 /* font in Resources */ = {isa = PBXBuildFile; fileRef = 7384BF311D76613500B9A522 /* font */; };
		7384BF371D76613500B9A522 /* gui in Resources */ = {isa = PBXBuildFile; fileRef = 7384BF321D76613500B9A522 /* gui */; };
		7384BF381D76613500B9A522 /* gui in Resources */ = {isa = PBXBuildFile; fileRef = 7384BF321D76613500B9A522 /* gui */; };
		7384BF391D76613500B9A522 /* image in Resources */ = {isa = PBXBuildFile; fileRef = 7384BF331D76613500B9A522 /* image */; };
		7384BF3A1D76613500B9A522 /* image in Resources */ = {isa = PBXBuildFile; fileRef = 7384BF331D76613500B9A522 /* image */; };
		7384BF3B1D76613500B9A522 /* spritesheet in Resources */ = {isa = PBXBuildFile; fileRef = 7384BF341D76613500B9A522 /* spritesheet */; };
		7384BF3C1D76613500B9A522 /* spritesheet in Resources */ = {isa = PBXBuildFile; fileRef = 7384BF341D76613500B9A522 /* spritesheet */; };
		7384BF3E1D76614200B9A522 /* animation in Resources */ = {isa = PBXBuildFile; fileRef = 7384BF3D1D76614200B9A522 /* animation */; };
		7384BF3F1D76614200B9A522 /* animation in Resources */ = {isa = PBXBuildFile; fileRef = 7384BF3D1D76614200B9A522 /* animation */; };
		7384BF411D76615B00B9A522 /* Default in Resources */ = {isa = PBXBuildFile; fileRef = 7384BF401D76615B00B9A522 /* Default */; };
		7384BF421D76615B00B9A522 /* Default in Resources */ = {isa = PBXBuildFile; fileRef = 7384BF401D76615B00B9A522 /* Default */; };
		7384BF441D7663C200B9A522 /* README.md in Sources */ = {isa = PBXBuildFile; fileRef = 7384BF431D7663C200B9A522 /* README.md */; };
		7384BF451D7663C200B9A522 /* README.md in Sources */ = {isa = PBXBuildFile; fileRef = 7384BF431D7663C200B9A522 /* README.md */; };
		7384BF471D7665EF00B9A522 /* TODO.md in Sources */ = {isa = PBXBuildFile; fileRef = 7384BF461D7665EE00B9A522 /* TODO.md */; };
		7384BF481D7665EF00B9A522 /* TODO.md in Sources */ = {isa = PBXBuildFile; fileRef = 7384BF461D7665EE00B9A522 /* TODO.md */; };
		7384BF4C1D76684800B9A522 /* SpriteCreateTest.cpp in Sources */ = {isa = PBXBuildFile; fileRef = 7384BF4A1D76684800B9A522 /* SpriteCreateTest.cpp */; };
		7384BF4D1D76684800B9A522 /* SpriteCreateTest.cpp in Sources */ = {isa = PBXBuildFile; fileRef = 7384BF4A1D76684800B9A522 /* SpriteCreateTest.cpp */; };
		7384BF511D7668AF00B9A522 /* VisibleRect.cpp in Sources */ = {isa = PBXBuildFile; fileRef = 7384BF4F1D7668AF00B9A522 /* VisibleRect.cpp */; };
		7384BF521D7668AF00B9A522 /* VisibleRect.cpp in Sources */ = {isa = PBXBuildFile; fileRef = 7384BF4F1D7668AF00B9A522 /* VisibleRect.cpp */; };
		738AE5151D832AC000D34144 /* GeometryHelper.cpp in Sources */ = {isa = PBXBuildFile; fileRef = 738AE5131D832AC000D34144 /* GeometryHelper.cpp */; };
		738AE5181D8330AA00D34144 /* GeometryHelperTest.cpp in Sources */ = {isa = PBXBuildFile; fileRef = 738AE5161D8330AA00D34144 /* GeometryHelperTest.cpp */; };
		738AE51B1D85AADE00D34144 /* CreditScene.cpp in Sources */ = {isa = PBXBuildFile; fileRef = 738AE5191D85AADE00D34144 /* CreditScene.cpp */; };
		738AE51C1D85AADE00D34144 /* CreditScene.cpp in Sources */ = {isa = PBXBuildFile; fileRef = 738AE5191D85AADE00D34144 /* CreditScene.cpp */; };
		738D21611D749D9100DBE855 /* SampleTest.cpp in Sources */ = {isa = PBXBuildFile; fileRef = 738D21341D749D9100DBE855 /* SampleTest.cpp */; };
		738D21621D749D9100DBE855 /* SampleTest.cpp in Sources */ = {isa = PBXBuildFile; fileRef = 738D21341D749D9100DBE855 /* SampleTest.cpp */; };
		738D21631D749D9100DBE855 /* SimpleTDD.cpp in Sources */ = {isa = PBXBuildFile; fileRef = 738D21361D749D9100DBE855 /* SimpleTDD.cpp */; };
		738D21641D749D9100DBE855 /* SimpleTDD.cpp in Sources */ = {isa = PBXBuildFile; fileRef = 738D21361D749D9100DBE855 /* SimpleTDD.cpp */; };
		738D21651D749D9100DBE855 /* TDD2SampleTest.cpp in Sources */ = {isa = PBXBuildFile; fileRef = 738D21381D749D9100DBE855 /* TDD2SampleTest.cpp */; };
		738D21661D749D9100DBE855 /* TDD2SampleTest.cpp in Sources */ = {isa = PBXBuildFile; fileRef = 738D21381D749D9100DBE855 /* TDD2SampleTest.cpp */; };
		738D21671D749D9100DBE855 /* TDDBaseTest.cpp in Sources */ = {isa = PBXBuildFile; fileRef = 738D213A1D749D9100DBE855 /* TDDBaseTest.cpp */; };
		738D21681D749D9100DBE855 /* TDDBaseTest.cpp in Sources */ = {isa = PBXBuildFile; fileRef = 738D213A1D749D9100DBE855 /* TDDBaseTest.cpp */; };
		738D21691D749D9100DBE855 /* TDDData.cpp in Sources */ = {isa = PBXBuildFile; fileRef = 738D213E1D749D9100DBE855 /* TDDData.cpp */; };
		738D216A1D749D9100DBE855 /* TDDData.cpp in Sources */ = {isa = PBXBuildFile; fileRef = 738D213E1D749D9100DBE855 /* TDDData.cpp */; };
		738D216B1D749D9100DBE855 /* TDDHelper.cpp in Sources */ = {isa = PBXBuildFile; fileRef = 738D21401D749D9100DBE855 /* TDDHelper.cpp */; };
		738D216C1D749D9100DBE855 /* TDDHelper.cpp in Sources */ = {isa = PBXBuildFile; fileRef = 738D21401D749D9100DBE855 /* TDDHelper.cpp */; };
		738D216D1D749D9100DBE855 /* TDDMainLayer.cpp in Sources */ = {isa = PBXBuildFile; fileRef = 738D21441D749D9100DBE855 /* TDDMainLayer.cpp */; };
		738D216E1D749D9100DBE855 /* TDDMainLayer.cpp in Sources */ = {isa = PBXBuildFile; fileRef = 738D21441D749D9100DBE855 /* TDDMainLayer.cpp */; };
		738D216F1D749D9100DBE855 /* TDDManager.cpp in Sources */ = {isa = PBXBuildFile; fileRef = 738D21461D749D9100DBE855 /* TDDManager.cpp */; };
		738D21701D749D9100DBE855 /* TDDManager.cpp in Sources */ = {isa = PBXBuildFile; fileRef = 738D21461D749D9100DBE855 /* TDDManager.cpp */; };
		738D21711D749D9100DBE855 /* TDDMenu.cpp in Sources */ = {isa = PBXBuildFile; fileRef = 738D21481D749D9100DBE855 /* TDDMenu.cpp */; };
		738D21721D749D9100DBE855 /* TDDMenu.cpp in Sources */ = {isa = PBXBuildFile; fileRef = 738D21481D749D9100DBE855 /* TDDMenu.cpp */; };
		738D21731D749D9100DBE855 /* TDDMenuTest.cpp in Sources */ = {isa = PBXBuildFile; fileRef = 738D214A1D749D9100DBE855 /* TDDMenuTest.cpp */; };
		738D21741D749D9100DBE855 /* TDDMenuTest.cpp in Sources */ = {isa = PBXBuildFile; fileRef = 738D214A1D749D9100DBE855 /* TDDMenuTest.cpp */; };
		738D21751D749D9100DBE855 /* TDDSample.cpp in Sources */ = {isa = PBXBuildFile; fileRef = 738D214C1D749D9100DBE855 /* TDDSample.cpp */; };
		738D21761D749D9100DBE855 /* TDDSample.cpp in Sources */ = {isa = PBXBuildFile; fileRef = 738D214C1D749D9100DBE855 /* TDDSample.cpp */; };
		738D21771D749D9100DBE855 /* TDDSubMenu.cpp in Sources */ = {isa = PBXBuildFile; fileRef = 738D214E1D749D9100DBE855 /* TDDSubMenu.cpp */; };
		738D21781D749D9100DBE855 /* TDDSubMenu.cpp in Sources */ = {isa = PBXBuildFile; fileRef = 738D214E1D749D9100DBE855 /* TDDSubMenu.cpp */; };
		738D21791D749D9100DBE855 /* TDDSuite.cpp in Sources */ = {isa = PBXBuildFile; fileRef = 738D21501D749D9100DBE855 /* TDDSuite.cpp */; };
		738D217A1D749D9100DBE855 /* TDDSuite.cpp in Sources */ = {isa = PBXBuildFile; fileRef = 738D21501D749D9100DBE855 /* TDDSuite.cpp */; };
		738D217B1D749D9100DBE855 /* TDDSwitch.cpp in Sources */ = {isa = PBXBuildFile; fileRef = 738D21521D749D9100DBE855 /* TDDSwitch.cpp */; };
		738D217C1D749D9100DBE855 /* TDDSwitch.cpp in Sources */ = {isa = PBXBuildFile; fileRef = 738D21521D749D9100DBE855 /* TDDSwitch.cpp */; };
		738D217D1D749D9100DBE855 /* TDDTab.cpp in Sources */ = {isa = PBXBuildFile; fileRef = 738D21541D749D9100DBE855 /* TDDTab.cpp */; };
		738D217E1D749D9100DBE855 /* TDDTab.cpp in Sources */ = {isa = PBXBuildFile; fileRef = 738D21541D749D9100DBE855 /* TDDTab.cpp */; };
		738D217F1D749D9100DBE855 /* TDDTable.cpp in Sources */ = {isa = PBXBuildFile; fileRef = 738D21561D749D9100DBE855 /* TDDTable.cpp */; };
		738D21801D749D9100DBE855 /* TDDTable.cpp in Sources */ = {isa = PBXBuildFile; fileRef = 738D21561D749D9100DBE855 /* TDDTable.cpp */; };
		738D21811D749D9100DBE855 /* TDDTest.cpp in Sources */ = {isa = PBXBuildFile; fileRef = 738D21581D749D9100DBE855 /* TDDTest.cpp */; };
		738D21821D749D9100DBE855 /* TDDTest.cpp in Sources */ = {isa = PBXBuildFile; fileRef = 738D21581D749D9100DBE855 /* TDDTest.cpp */; };
		738D21831D749D9100DBE855 /* TDDTestMenu.cpp in Sources */ = {isa = PBXBuildFile; fileRef = 738D215A1D749D9100DBE855 /* TDDTestMenu.cpp */; };
		738D21841D749D9100DBE855 /* TDDTestMenu.cpp in Sources */ = {isa = PBXBuildFile; fileRef = 738D215A1D749D9100DBE855 /* TDDTestMenu.cpp */; };
		738D21851D749D9100DBE855 /* TDDTopBar.cpp in Sources */ = {isa = PBXBuildFile; fileRef = 738D215C1D749D9100DBE855 /* TDDTopBar.cpp */; };
		738D21861D749D9100DBE855 /* TDDTopBar.cpp in Sources */ = {isa = PBXBuildFile; fileRef = 738D215C1D749D9100DBE855 /* TDDTopBar.cpp */; };
		73A8C3C51D787D4F004C1DCB /* SpriteTest.cpp in Sources */ = {isa = PBXBuildFile; fileRef = 73A8C3C31D787D4F004C1DCB /* SpriteTest.cpp */; };
		73B4894F1E103BA90028B4EC /* FireworkView.cpp in Sources */ = {isa = PBXBuildFile; fileRef = 73B4894D1E103BA90028B4EC /* FireworkView.cpp */; };
		73B489531E103E5D0028B4EC /* FireworkViewTest.cpp in Sources */ = {isa = PBXBuildFile; fileRef = 73B489511E103E5D0028B4EC /* FireworkViewTest.cpp */; };
		73B489551E10507F0028B4EC /* particles in Resources */ = {isa = PBXBuildFile; fileRef = 73B489541E10507F0028B4EC /* particles */; };
		8262943E1AAF051F00CB7CF7 /* Security.framework in Frameworks */ = {isa = PBXBuildFile; fileRef = 8262943D1AAF051F00CB7CF7 /* Security.framework */; };
		BF171245129291EC00B8313A /* OpenGLES.framework in Frameworks */ = {isa = PBXBuildFile; fileRef = BF170DB012928DE900B8313A /* OpenGLES.framework */; };
		BF1712471292920000B8313A /* libz.dylib in Frameworks */ = {isa = PBXBuildFile; fileRef = BF170DB412928DE900B8313A /* libz.dylib */; };
		BF1C47F01293687400B63C5D /* QuartzCore.framework in Frameworks */ = {isa = PBXBuildFile; fileRef = BF1C47EA1293683800B63C5D /* QuartzCore.framework */; };
		D44C620C132DFF330009C878 /* OpenAL.framework in Frameworks */ = {isa = PBXBuildFile; fileRef = D44C620B132DFF330009C878 /* OpenAL.framework */; };
		D44C620E132DFF430009C878 /* AVFoundation.framework in Frameworks */ = {isa = PBXBuildFile; fileRef = D44C620D132DFF430009C878 /* AVFoundation.framework */; };
		D44C6210132DFF4E0009C878 /* AudioToolbox.framework in Frameworks */ = {isa = PBXBuildFile; fileRef = D44C620F132DFF4E0009C878 /* AudioToolbox.framework */; };
		D6B0611B1803AB670077942B /* CoreMotion.framework in Frameworks */ = {isa = PBXBuildFile; fileRef = D6B0611A1803AB670077942B /* CoreMotion.framework */; };
		ED545A7C1B68A1F400C3958E /* libiconv.dylib in Frameworks */ = {isa = PBXBuildFile; fileRef = ED545A7B1B68A1F400C3958E /* libiconv.dylib */; };
		ED545A7E1B68A1FA00C3958E /* libiconv.dylib in Frameworks */ = {isa = PBXBuildFile; fileRef = ED545A7D1B68A1FA00C3958E /* libiconv.dylib */; };
/* End PBXBuildFile section */

/* Begin PBXContainerItemProxy section */
		1AC6FAF8180E9839004C840B /* PBXContainerItemProxy */ = {
			isa = PBXContainerItemProxy;
			containerPortal = 1AC6FAE5180E9839004C840B /* cocos2d_libs.xcodeproj */;
			proxyType = 2;
			remoteGlobalIDString = 1551A33F158F2AB200E66CFE;
			remoteInfo = "cocos2dx Mac";
		};
		1AC6FB06180E9839004C840B /* PBXContainerItemProxy */ = {
			isa = PBXContainerItemProxy;
			containerPortal = 1AC6FAE5180E9839004C840B /* cocos2d_libs.xcodeproj */;
			proxyType = 2;
			remoteGlobalIDString = A07A4D641783777C0073F6A7;
			remoteInfo = "cocos2dx iOS";
		};
		1AC6FB15180E9959004C840B /* PBXContainerItemProxy */ = {
			isa = PBXContainerItemProxy;
			containerPortal = 1AC6FAE5180E9839004C840B /* cocos2d_libs.xcodeproj */;
			proxyType = 1;
			remoteGlobalIDString = 1551A33E158F2AB200E66CFE;
			remoteInfo = "cocos2dx Mac";
		};
		1AC6FB24180E99E1004C840B /* PBXContainerItemProxy */ = {
			isa = PBXContainerItemProxy;
			containerPortal = 1AC6FAE5180E9839004C840B /* cocos2d_libs.xcodeproj */;
			proxyType = 1;
			remoteGlobalIDString = A07A4C241783777C0073F6A7;
			remoteInfo = "cocos2dx iOS";
		};
/* End PBXContainerItemProxy section */

/* Begin PBXFileReference section */
		1AC6FAE5180E9839004C840B /* cocos2d_libs.xcodeproj */ = {isa = PBXFileReference; lastKnownFileType = "wrapper.pb-project"; name = cocos2d_libs.xcodeproj; path = ../cocos2d/build/cocos2d_libs.xcodeproj; sourceTree = "<group>"; };
		1ACB3243164770DE00914215 /* libcurl.a */ = {isa = PBXFileReference; lastKnownFileType = archive.ar; name = libcurl.a; path = ../../cocos2dx/platform/third_party/ios/libraries/libcurl.a; sourceTree = "<group>"; };
		1D30AB110D05D00D00671497 /* Foundation.framework */ = {isa = PBXFileReference; lastKnownFileType = wrapper.framework; name = Foundation.framework; path = System/Library/Frameworks/Foundation.framework; sourceTree = SDKROOT; };
		1D6058910D05DD3D006BFB54 /* SimpleTDDDemo-mobile.app */ = {isa = PBXFileReference; explicitFileType = wrapper.application; includeInIndex = 0; path = "SimpleTDDDemo-mobile.app"; sourceTree = BUILT_PRODUCTS_DIR; };
		1DF5F4DF0D08C38300B7A737 /* UIKit.framework */ = {isa = PBXFileReference; lastKnownFileType = wrapper.framework; name = UIKit.framework; path = System/Library/Frameworks/UIKit.framework; sourceTree = SDKROOT; };
		288765A40DF7441C002DB57D /* CoreGraphics.framework */ = {isa = PBXFileReference; lastKnownFileType = wrapper.framework; name = CoreGraphics.framework; path = System/Library/Frameworks/CoreGraphics.framework; sourceTree = SDKROOT; };
		46880B7619C43A67006E1F66 /* CloseNormal.png */ = {isa = PBXFileReference; lastKnownFileType = image.png; path = CloseNormal.png; sourceTree = "<group>"; };
		46880B7719C43A67006E1F66 /* CloseSelected.png */ = {isa = PBXFileReference; lastKnownFileType = image.png; path = CloseSelected.png; sourceTree = "<group>"; };
		46880B7A19C43A67006E1F66 /* HelloWorld.png */ = {isa = PBXFileReference; lastKnownFileType = image.png; path = HelloWorld.png; sourceTree = "<group>"; };
		46880B8419C43A87006E1F66 /* AppDelegate.cpp */ = {isa = PBXFileReference; fileEncoding = 4; lastKnownFileType = sourcecode.cpp.cpp; path = AppDelegate.cpp; sourceTree = "<group>"; };
		46880B8519C43A87006E1F66 /* AppDelegate.h */ = {isa = PBXFileReference; fileEncoding = 4; lastKnownFileType = sourcecode.c.h; path = AppDelegate.h; sourceTree = "<group>"; };
		46880B8619C43A87006E1F66 /* HelloWorldScene.cpp */ = {isa = PBXFileReference; fileEncoding = 4; lastKnownFileType = sourcecode.cpp.cpp; path = HelloWorldScene.cpp; sourceTree = "<group>"; };
		46880B8719C43A87006E1F66 /* HelloWorldScene.h */ = {isa = PBXFileReference; fileEncoding = 4; lastKnownFileType = sourcecode.c.h; path = HelloWorldScene.h; sourceTree = "<group>"; };
		503AE0F617EB97AB00D1A890 /* Icon.icns */ = {isa = PBXFileReference; lastKnownFileType = image.icns; path = Icon.icns; sourceTree = "<group>"; };
		503AE0F717EB97AB00D1A890 /* Info.plist */ = {isa = PBXFileReference; fileEncoding = 4; lastKnownFileType = text.plist.xml; path = Info.plist; sourceTree = "<group>"; };
		503AE0FA17EB989F00D1A890 /* AppController.h */ = {isa = PBXFileReference; fileEncoding = 4; lastKnownFileType = sourcecode.c.h; name = AppController.h; path = ios/AppController.h; sourceTree = SOURCE_ROOT; };
		503AE0FB17EB989F00D1A890 /* AppController.mm */ = {isa = PBXFileReference; fileEncoding = 4; lastKnownFileType = sourcecode.cpp.objcpp; name = AppController.mm; path = ios/AppController.mm; sourceTree = SOURCE_ROOT; };
		503AE0FC17EB989F00D1A890 /* main.m */ = {isa = PBXFileReference; fileEncoding = 4; lastKnownFileType = sourcecode.c.objc; name = main.m; path = ios/main.m; sourceTree = SOURCE_ROOT; };
		503AE0FD17EB989F00D1A890 /* Prefix.pch */ = {isa = PBXFileReference; fileEncoding = 4; lastKnownFileType = sourcecode.c.h; name = Prefix.pch; path = ios/Prefix.pch; sourceTree = SOURCE_ROOT; };
		503AE0FE17EB989F00D1A890 /* RootViewController.h */ = {isa = PBXFileReference; fileEncoding = 4; lastKnownFileType = sourcecode.c.h; name = RootViewController.h; path = ios/RootViewController.h; sourceTree = SOURCE_ROOT; };
		503AE0FF17EB989F00D1A890 /* RootViewController.mm */ = {isa = PBXFileReference; fileEncoding = 4; lastKnownFileType = sourcecode.cpp.objcpp; name = RootViewController.mm; path = ios/RootViewController.mm; sourceTree = SOURCE_ROOT; };
		503AE10317EB98FF00D1A890 /* main.cpp */ = {isa = PBXFileReference; fileEncoding = 4; lastKnownFileType = sourcecode.cpp.cpp; name = main.cpp; path = mac/main.cpp; sourceTree = "<group>"; };
		503AE10417EB98FF00D1A890 /* Prefix.pch */ = {isa = PBXFileReference; fileEncoding = 4; lastKnownFileType = sourcecode.c.h; name = Prefix.pch; path = mac/Prefix.pch; sourceTree = "<group>"; };
		503AE11117EB99EE00D1A890 /* libcurl.dylib */ = {isa = PBXFileReference; lastKnownFileType = "compiled.mach-o.dylib"; name = libcurl.dylib; path = usr/lib/libcurl.dylib; sourceTree = SDKROOT; };
		503AE11A17EB9C5A00D1A890 /* IOKit.framework */ = {isa = PBXFileReference; lastKnownFileType = wrapper.framework; name = IOKit.framework; path = System/Library/Frameworks/IOKit.framework; sourceTree = SDKROOT; };
		5087E76F17EB910900C73F5D /* SimpleTDDDemo-desktop.app */ = {isa = PBXFileReference; explicitFileType = wrapper.application; includeInIndex = 0; path = "SimpleTDDDemo-desktop.app"; sourceTree = BUILT_PRODUCTS_DIR; };
		5087E77217EB970100C73F5D /* Default-568h@2x.png */ = {isa = PBXFileReference; lastKnownFileType = image.png; path = "Default-568h@2x.png"; sourceTree = "<group>"; };
		5087E77317EB970100C73F5D /* Default.png */ = {isa = PBXFileReference; lastKnownFileType = image.png; path = Default.png; sourceTree = "<group>"; };
		5087E77417EB970100C73F5D /* Default@2x.png */ = {isa = PBXFileReference; lastKnownFileType = image.png; path = "Default@2x.png"; sourceTree = "<group>"; };
		5087E77517EB970100C73F5D /* Icon-114.png */ = {isa = PBXFileReference; lastKnownFileType = image.png; path = "Icon-114.png"; sourceTree = "<group>"; };
		5087E77617EB970100C73F5D /* Icon-120.png */ = {isa = PBXFileReference; lastKnownFileType = image.png; path = "Icon-120.png"; sourceTree = "<group>"; };
		5087E77717EB970100C73F5D /* Icon-144.png */ = {isa = PBXFileReference; lastKnownFileType = image.png; path = "Icon-144.png"; sourceTree = "<group>"; };
		5087E77817EB970100C73F5D /* Icon-152.png */ = {isa = PBXFileReference; lastKnownFileType = image.png; path = "Icon-152.png"; sourceTree = "<group>"; };
		5087E77917EB970100C73F5D /* Icon-57.png */ = {isa = PBXFileReference; lastKnownFileType = image.png; path = "Icon-57.png"; sourceTree = "<group>"; };
		5087E77A17EB970100C73F5D /* Icon-72.png */ = {isa = PBXFileReference; lastKnownFileType = image.png; path = "Icon-72.png"; sourceTree = "<group>"; };
		5087E77B17EB970100C73F5D /* Icon-76.png */ = {isa = PBXFileReference; lastKnownFileType = image.png; path = "Icon-76.png"; sourceTree = "<group>"; };
		5087E77C17EB970100C73F5D /* Info.plist */ = {isa = PBXFileReference; fileEncoding = 4; lastKnownFileType = text.plist.xml; path = Info.plist; sourceTree = "<group>"; };
		5087E78817EB974C00C73F5D /* AppKit.framework */ = {isa = PBXFileReference; lastKnownFileType = wrapper.framework; name = AppKit.framework; path = System/Library/Frameworks/AppKit.framework; sourceTree = SDKROOT; };
		5087E78A17EB975400C73F5D /* OpenGL.framework */ = {isa = PBXFileReference; lastKnownFileType = wrapper.framework; name = OpenGL.framework; path = System/Library/Frameworks/OpenGL.framework; sourceTree = SDKROOT; };
		50EF629217ECD46A001EB2F8 /* Icon-40.png */ = {isa = PBXFileReference; lastKnownFileType = image.png; path = "Icon-40.png"; sourceTree = "<group>"; };
		50EF629317ECD46A001EB2F8 /* Icon-58.png */ = {isa = PBXFileReference; lastKnownFileType = image.png; path = "Icon-58.png"; sourceTree = "<group>"; };
		50EF629417ECD46A001EB2F8 /* Icon-80.png */ = {isa = PBXFileReference; lastKnownFileType = image.png; path = "Icon-80.png"; sourceTree = "<group>"; };
		50EF629517ECD46A001EB2F8 /* Icon-100.png */ = {isa = PBXFileReference; lastKnownFileType = image.png; path = "Icon-100.png"; sourceTree = "<group>"; };
		50EF62A017ECD613001EB2F8 /* Icon-29.png */ = {isa = PBXFileReference; lastKnownFileType = image.png; path = "Icon-29.png"; sourceTree = "<group>"; };
		50EF62A117ECD613001EB2F8 /* Icon-50.png */ = {isa = PBXFileReference; lastKnownFileType = image.png; path = "Icon-50.png"; sourceTree = "<group>"; };
		521A8E6219F0C34300D177D7 /* Default-667h@2x.png */ = {isa = PBXFileReference; lastKnownFileType = image.png; path = "Default-667h@2x.png"; sourceTree = "<group>"; };
		521A8E6319F0C34300D177D7 /* Default-736h@3x.png */ = {isa = PBXFileReference; lastKnownFileType = image.png; path = "Default-736h@3x.png"; sourceTree = "<group>"; };
		521A8EA819F11F5000D177D7 /* fonts */ = {isa = PBXFileReference; lastKnownFileType = folder; path = fonts; sourceTree = "<group>"; };
		52B47A461A53D09B004E4C60 /* Security.framework */ = {isa = PBXFileReference; lastKnownFileType = wrapper.framework; name = Security.framework; path = Platforms/iPhoneOS.platform/Developer/SDKs/iPhoneOS8.1.sdk/System/Library/Frameworks/Security.framework; sourceTree = DEVELOPER_DIR; };
		73407B661D807FC400895146 /* SpaceShipScene.cpp */ = {isa = PBXFileReference; fileEncoding = 4; lastKnownFileType = sourcecode.cpp.cpp; name = SpaceShipScene.cpp; path = Scene/SpaceShipScene.cpp; sourceTree = "<group>"; };
		73407B671D807FC400895146 /* SpaceShipScene.h */ = {isa = PBXFileReference; fileEncoding = 4; lastKnownFileType = sourcecode.c.h; name = SpaceShipScene.h; path = Scene/SpaceShipScene.h; sourceTree = "<group>"; };
		73407B6A1D80812500895146 /* SpaceShipTest.cpp */ = {isa = PBXFileReference; fileEncoding = 4; lastKnownFileType = sourcecode.cpp.cpp; path = SpaceShipTest.cpp; sourceTree = "<group>"; };
		73407B6B1D80812500895146 /* SpaceShipTest.h */ = {isa = PBXFileReference; fileEncoding = 4; lastKnownFileType = sourcecode.c.h; path = SpaceShipTest.h; sourceTree = "<group>"; };
		7371140C1D7F0EB200645431 /* MainScene.cpp */ = {isa = PBXFileReference; fileEncoding = 4; lastKnownFileType = sourcecode.cpp.cpp; name = MainScene.cpp; path = Scene/MainScene.cpp; sourceTree = "<group>"; };
		7371140D1D7F0EB200645431 /* MainScene.h */ = {isa = PBXFileReference; fileEncoding = 4; lastKnownFileType = sourcecode.c.h; name = MainScene.h; path = Scene/MainScene.h; sourceTree = "<group>"; };
		737114111D7F10B600645431 /* ViewHelper.cpp */ = {isa = PBXFileReference; fileEncoding = 4; lastKnownFileType = sourcecode.cpp.cpp; path = ViewHelper.cpp; sourceTree = "<group>"; };
		737114121D7F10B600645431 /* ViewHelper.h */ = {isa = PBXFileReference; fileEncoding = 4; lastKnownFileType = sourcecode.c.h; path = ViewHelper.h; sourceTree = "<group>"; };
		737114151D7F11D800645431 /* MainSceneTest.cpp */ = {isa = PBXFileReference; fileEncoding = 4; lastKnownFileType = sourcecode.cpp.cpp; path = MainSceneTest.cpp; sourceTree = "<group>"; };
		737114161D7F11D800645431 /* MainSceneTest.h */ = {isa = PBXFileReference; fileEncoding = 4; lastKnownFileType = sourcecode.c.h; path = MainSceneTest.h; sourceTree = "<group>"; };
		737114191D7F13FB00645431 /* FlashLightTest.cpp */ = {isa = PBXFileReference; fileEncoding = 4; lastKnownFileType = sourcecode.cpp.cpp; path = FlashLightTest.cpp; sourceTree = "<group>"; };
		7371141A1D7F13FB00645431 /* FlashLightTest.h */ = {isa = PBXFileReference; fileEncoding = 4; lastKnownFileType = sourcecode.c.h; path = FlashLightTest.h; sourceTree = "<group>"; };
		7371141D1D7FA51100645431 /* FlashLightScene.cpp */ = {isa = PBXFileReference; fileEncoding = 4; lastKnownFileType = sourcecode.cpp.cpp; name = FlashLightScene.cpp; path = Scene/FlashLightScene.cpp; sourceTree = "<group>"; };
		7371141E1D7FA51100645431 /* FlashLightScene.h */ = {isa = PBXFileReference; fileEncoding = 4; lastKnownFileType = sourcecode.c.h; name = FlashLightScene.h; path = Scene/FlashLightScene.h; sourceTree = "<group>"; };
		7384BF2C1D760C8400B9A522 /* Images.xcassets */ = {isa = PBXFileReference; lastKnownFileType = folder.assetcatalog; name = Images.xcassets; path = "SimpleTDDDemo-mobile/Images.xcassets"; sourceTree = SOURCE_ROOT; };
		7384BF2E1D7660DD00B9A522 /* CocosGUITest.cpp */ = {isa = PBXFileReference; fileEncoding = 4; lastKnownFileType = sourcecode.cpp.cpp; path = CocosGUITest.cpp; sourceTree = "<group>"; };
		7384BF2F1D7660DD00B9A522 /* CocosGUITest.h */ = {isa = PBXFileReference; fileEncoding = 4; lastKnownFileType = sourcecode.c.h; path = CocosGUITest.h; sourceTree = "<group>"; };
		7384BF311D76613500B9A522 /* font */ = {isa = PBXFileReference; lastKnownFileType = folder; path = font; sourceTree = "<group>"; };
		7384BF321D76613500B9A522 /* gui */ = {isa = PBXFileReference; lastKnownFileType = folder; path = gui; sourceTree = "<group>"; };
		7384BF331D76613500B9A522 /* image */ = {isa = PBXFileReference; lastKnownFileType = folder; path = image; sourceTree = "<group>"; };
		7384BF341D76613500B9A522 /* spritesheet */ = {isa = PBXFileReference; lastKnownFileType = folder; path = spritesheet; sourceTree = "<group>"; };
		7384BF3D1D76614200B9A522 /* animation */ = {isa = PBXFileReference; lastKnownFileType = folder; path = animation; sourceTree = "<group>"; };
		7384BF401D76615B00B9A522 /* Default */ = {isa = PBXFileReference; lastKnownFileType = folder; path = Default; sourceTree = "<group>"; };
		7384BF431D7663C200B9A522 /* README.md */ = {isa = PBXFileReference; fileEncoding = 4; lastKnownFileType = net.daringfireball.markdown; path = README.md; sourceTree = "<group>"; };
		7384BF461D7665EE00B9A522 /* TODO.md */ = {isa = PBXFileReference; fileEncoding = 4; lastKnownFileType = net.daringfireball.markdown; name = TODO.md; path = ../doc/TODO.md; sourceTree = "<group>"; };
		7384BF4A1D76684800B9A522 /* SpriteCreateTest.cpp */ = {isa = PBXFileReference; fileEncoding = 4; lastKnownFileType = sourcecode.cpp.cpp; path = SpriteCreateTest.cpp; sourceTree = "<group>"; };
		7384BF4B1D76684800B9A522 /* SpriteCreateTest.h */ = {isa = PBXFileReference; fileEncoding = 4; lastKnownFileType = sourcecode.c.h; path = SpriteCreateTest.h; sourceTree = "<group>"; };
		7384BF4F1D7668AF00B9A522 /* VisibleRect.cpp */ = {isa = PBXFileReference; fileEncoding = 4; lastKnownFileType = sourcecode.cpp.cpp; name = VisibleRect.cpp; path = Common/VisibleRect.cpp; sourceTree = "<group>"; };
		7384BF501D7668AF00B9A522 /* VisibleRect.h */ = {isa = PBXFileReference; fileEncoding = 4; lastKnownFileType = sourcecode.c.h; name = VisibleRect.h; path = Common/VisibleRect.h; sourceTree = "<group>"; };
		738AE5131D832AC000D34144 /* GeometryHelper.cpp */ = {isa = PBXFileReference; fileEncoding = 4; lastKnownFileType = sourcecode.cpp.cpp; path = GeometryHelper.cpp; sourceTree = "<group>"; };
		738AE5141D832AC000D34144 /* GeometryHelper.h */ = {isa = PBXFileReference; fileEncoding = 4; lastKnownFileType = sourcecode.c.h; path = GeometryHelper.h; sourceTree = "<group>"; };
		738AE5161D8330AA00D34144 /* GeometryHelperTest.cpp */ = {isa = PBXFileReference; fileEncoding = 4; lastKnownFileType = sourcecode.cpp.cpp; path = GeometryHelperTest.cpp; sourceTree = "<group>"; };
		738AE5171D8330AA00D34144 /* GeometryHelperTest.h */ = {isa = PBXFileReference; fileEncoding = 4; lastKnownFileType = sourcecode.c.h; path = GeometryHelperTest.h; sourceTree = "<group>"; };
		738AE5191D85AADE00D34144 /* CreditScene.cpp */ = {isa = PBXFileReference; fileEncoding = 4; lastKnownFileType = sourcecode.cpp.cpp; name = CreditScene.cpp; path = Scene/CreditScene.cpp; sourceTree = "<group>"; };
		738AE51A1D85AADE00D34144 /* CreditScene.h */ = {isa = PBXFileReference; fileEncoding = 4; lastKnownFileType = sourcecode.c.h; name = CreditScene.h; path = Scene/CreditScene.h; sourceTree = "<group>"; };
		738D21341D749D9100DBE855 /* SampleTest.cpp */ = {isa = PBXFileReference; fileEncoding = 4; lastKnownFileType = sourcecode.cpp.cpp; path = SampleTest.cpp; sourceTree = "<group>"; };
		738D21351D749D9100DBE855 /* SampleTest.h */ = {isa = PBXFileReference; fileEncoding = 4; lastKnownFileType = sourcecode.c.h; path = SampleTest.h; sourceTree = "<group>"; };
		738D21361D749D9100DBE855 /* SimpleTDD.cpp */ = {isa = PBXFileReference; fileEncoding = 4; lastKnownFileType = sourcecode.cpp.cpp; path = SimpleTDD.cpp; sourceTree = "<group>"; };
		738D21371D749D9100DBE855 /* SimpleTDD.h */ = {isa = PBXFileReference; fileEncoding = 4; lastKnownFileType = sourcecode.c.h; path = SimpleTDD.h; sourceTree = "<group>"; };
		738D21381D749D9100DBE855 /* TDD2SampleTest.cpp */ = {isa = PBXFileReference; fileEncoding = 4; lastKnownFileType = sourcecode.cpp.cpp; path = TDD2SampleTest.cpp; sourceTree = "<group>"; };
		738D21391D749D9100DBE855 /* TDD2SampleTest.h */ = {isa = PBXFileReference; fileEncoding = 4; lastKnownFileType = sourcecode.c.h; path = TDD2SampleTest.h; sourceTree = "<group>"; };
		738D213A1D749D9100DBE855 /* TDDBaseTest.cpp */ = {isa = PBXFileReference; fileEncoding = 4; lastKnownFileType = sourcecode.cpp.cpp; path = TDDBaseTest.cpp; sourceTree = "<group>"; };
		738D213B1D749D9100DBE855 /* TDDBaseTest.h */ = {isa = PBXFileReference; fileEncoding = 4; lastKnownFileType = sourcecode.c.h; path = TDDBaseTest.h; sourceTree = "<group>"; };
		738D213C1D749D9100DBE855 /* TDDCases.h */ = {isa = PBXFileReference; fileEncoding = 4; lastKnownFileType = sourcecode.c.h; path = TDDCases.h; sourceTree = "<group>"; };
		738D213D1D749D9100DBE855 /* TDDConstant.h */ = {isa = PBXFileReference; fileEncoding = 4; lastKnownFileType = sourcecode.c.h; path = TDDConstant.h; sourceTree = "<group>"; };
		738D213E1D749D9100DBE855 /* TDDData.cpp */ = {isa = PBXFileReference; fileEncoding = 4; lastKnownFileType = sourcecode.cpp.cpp; path = TDDData.cpp; sourceTree = "<group>"; };
		738D213F1D749D9100DBE855 /* TDDData.h */ = {isa = PBXFileReference; fileEncoding = 4; lastKnownFileType = sourcecode.c.h; path = TDDData.h; sourceTree = "<group>"; };
		738D21401D749D9100DBE855 /* TDDHelper.cpp */ = {isa = PBXFileReference; fileEncoding = 4; lastKnownFileType = sourcecode.cpp.cpp; path = TDDHelper.cpp; sourceTree = "<group>"; };
		738D21411D749D9100DBE855 /* TDDHelper.h */ = {isa = PBXFileReference; fileEncoding = 4; lastKnownFileType = sourcecode.c.h; path = TDDHelper.h; sourceTree = "<group>"; };
		738D21421D749D9100DBE855 /* TDDLib.h */ = {isa = PBXFileReference; fileEncoding = 4; lastKnownFileType = sourcecode.c.h; path = TDDLib.h; sourceTree = "<group>"; };
		738D21431D749D9100DBE855 /* TDDMacro.h */ = {isa = PBXFileReference; fileEncoding = 4; lastKnownFileType = sourcecode.c.h; path = TDDMacro.h; sourceTree = "<group>"; };
		738D21441D749D9100DBE855 /* TDDMainLayer.cpp */ = {isa = PBXFileReference; fileEncoding = 4; lastKnownFileType = sourcecode.cpp.cpp; path = TDDMainLayer.cpp; sourceTree = "<group>"; };
		738D21451D749D9100DBE855 /* TDDMainLayer.h */ = {isa = PBXFileReference; fileEncoding = 4; lastKnownFileType = sourcecode.c.h; path = TDDMainLayer.h; sourceTree = "<group>"; };
		738D21461D749D9100DBE855 /* TDDManager.cpp */ = {isa = PBXFileReference; fileEncoding = 4; lastKnownFileType = sourcecode.cpp.cpp; path = TDDManager.cpp; sourceTree = "<group>"; };
		738D21471D749D9100DBE855 /* TDDManager.h */ = {isa = PBXFileReference; fileEncoding = 4; lastKnownFileType = sourcecode.c.h; path = TDDManager.h; sourceTree = "<group>"; };
		738D21481D749D9100DBE855 /* TDDMenu.cpp */ = {isa = PBXFileReference; fileEncoding = 4; lastKnownFileType = sourcecode.cpp.cpp; path = TDDMenu.cpp; sourceTree = "<group>"; };
		738D21491D749D9100DBE855 /* TDDMenu.h */ = {isa = PBXFileReference; fileEncoding = 4; lastKnownFileType = sourcecode.c.h; path = TDDMenu.h; sourceTree = "<group>"; };
		738D214A1D749D9100DBE855 /* TDDMenuTest.cpp */ = {isa = PBXFileReference; fileEncoding = 4; lastKnownFileType = sourcecode.cpp.cpp; path = TDDMenuTest.cpp; sourceTree = "<group>"; };
		738D214B1D749D9100DBE855 /* TDDMenuTest.h */ = {isa = PBXFileReference; fileEncoding = 4; lastKnownFileType = sourcecode.c.h; path = TDDMenuTest.h; sourceTree = "<group>"; };
		738D214C1D749D9100DBE855 /* TDDSample.cpp */ = {isa = PBXFileReference; fileEncoding = 4; lastKnownFileType = sourcecode.cpp.cpp; path = TDDSample.cpp; sourceTree = "<group>"; };
		738D214D1D749D9100DBE855 /* TDDSample.h */ = {isa = PBXFileReference; fileEncoding = 4; lastKnownFileType = sourcecode.c.h; path = TDDSample.h; sourceTree = "<group>"; };
		738D214E1D749D9100DBE855 /* TDDSubMenu.cpp */ = {isa = PBXFileReference; fileEncoding = 4; lastKnownFileType = sourcecode.cpp.cpp; path = TDDSubMenu.cpp; sourceTree = "<group>"; };
		738D214F1D749D9100DBE855 /* TDDSubMenu.h */ = {isa = PBXFileReference; fileEncoding = 4; lastKnownFileType = sourcecode.c.h; path = TDDSubMenu.h; sourceTree = "<group>"; };
		738D21501D749D9100DBE855 /* TDDSuite.cpp */ = {isa = PBXFileReference; fileEncoding = 4; lastKnownFileType = sourcecode.cpp.cpp; path = TDDSuite.cpp; sourceTree = "<group>"; };
		738D21511D749D9100DBE855 /* TDDSuite.h */ = {isa = PBXFileReference; fileEncoding = 4; lastKnownFileType = sourcecode.c.h; path = TDDSuite.h; sourceTree = "<group>"; };
		738D21521D749D9100DBE855 /* TDDSwitch.cpp */ = {isa = PBXFileReference; fileEncoding = 4; lastKnownFileType = sourcecode.cpp.cpp; path = TDDSwitch.cpp; sourceTree = "<group>"; };
		738D21531D749D9100DBE855 /* TDDSwitch.h */ = {isa = PBXFileReference; fileEncoding = 4; lastKnownFileType = sourcecode.c.h; path = TDDSwitch.h; sourceTree = "<group>"; };
		738D21541D749D9100DBE855 /* TDDTab.cpp */ = {isa = PBXFileReference; fileEncoding = 4; lastKnownFileType = sourcecode.cpp.cpp; path = TDDTab.cpp; sourceTree = "<group>"; };
		738D21551D749D9100DBE855 /* TDDTab.h */ = {isa = PBXFileReference; fileEncoding = 4; lastKnownFileType = sourcecode.c.h; path = TDDTab.h; sourceTree = "<group>"; };
		738D21561D749D9100DBE855 /* TDDTable.cpp */ = {isa = PBXFileReference; fileEncoding = 4; lastKnownFileType = sourcecode.cpp.cpp; path = TDDTable.cpp; sourceTree = "<group>"; };
		738D21571D749D9100DBE855 /* TDDTable.h */ = {isa = PBXFileReference; fileEncoding = 4; lastKnownFileType = sourcecode.c.h; path = TDDTable.h; sourceTree = "<group>"; };
		738D21581D749D9100DBE855 /* TDDTest.cpp */ = {isa = PBXFileReference; fileEncoding = 4; lastKnownFileType = sourcecode.cpp.cpp; path = TDDTest.cpp; sourceTree = "<group>"; };
		738D21591D749D9100DBE855 /* TDDTest.h */ = {isa = PBXFileReference; fileEncoding = 4; lastKnownFileType = sourcecode.c.h; path = TDDTest.h; sourceTree = "<group>"; };
		738D215A1D749D9100DBE855 /* TDDTestMenu.cpp */ = {isa = PBXFileReference; fileEncoding = 4; lastKnownFileType = sourcecode.cpp.cpp; path = TDDTestMenu.cpp; sourceTree = "<group>"; };
		738D215B1D749D9100DBE855 /* TDDTestMenu.h */ = {isa = PBXFileReference; fileEncoding = 4; lastKnownFileType = sourcecode.c.h; path = TDDTestMenu.h; sourceTree = "<group>"; };
		738D215C1D749D9100DBE855 /* TDDTopBar.cpp */ = {isa = PBXFileReference; fileEncoding = 4; lastKnownFileType = sourcecode.cpp.cpp; path = TDDTopBar.cpp; sourceTree = "<group>"; };
		738D215D1D749D9100DBE855 /* TDDTopBar.h */ = {isa = PBXFileReference; fileEncoding = 4; lastKnownFileType = sourcecode.c.h; path = TDDTopBar.h; sourceTree = "<group>"; };
		738D215E1D749D9100DBE855 /* TDDTypes.h */ = {isa = PBXFileReference; fileEncoding = 4; lastKnownFileType = sourcecode.c.h; path = TDDTypes.h; sourceTree = "<group>"; };
		738D21601D749D9100DBE855 /* MyTDDCases.h */ = {isa = PBXFileReference; fileEncoding = 4; lastKnownFileType = sourcecode.c.h; path = MyTDDCases.h; sourceTree = "<group>"; };
		73A8C3C31D787D4F004C1DCB /* SpriteTest.cpp */ = {isa = PBXFileReference; fileEncoding = 4; lastKnownFileType = sourcecode.cpp.cpp; path = SpriteTest.cpp; sourceTree = "<group>"; };
		73A8C3C41D787D4F004C1DCB /* SpriteTest.h */ = {isa = PBXFileReference; fileEncoding = 4; lastKnownFileType = sourcecode.c.h; path = SpriteTest.h; sourceTree = "<group>"; };
		73B4894C1E101C8E0028B4EC /* MakeFirework.md */ = {isa = PBXFileReference; lastKnownFileType = net.daringfireball.markdown; name = MakeFirework.md; path = ../doc/MakeFirework/MakeFirework.md; sourceTree = "<group>"; };
		73B4894D1E103BA90028B4EC /* FireworkView.cpp */ = {isa = PBXFileReference; fileEncoding = 4; lastKnownFileType = sourcecode.cpp.cpp; name = FireworkView.cpp; path = View/FireworkView.cpp; sourceTree = "<group>"; };
		73B4894E1E103BA90028B4EC /* FireworkView.h */ = {isa = PBXFileReference; fileEncoding = 4; lastKnownFileType = sourcecode.c.h; name = FireworkView.h; path = View/FireworkView.h; sourceTree = "<group>"; };
		73B489511E103E5D0028B4EC /* FireworkViewTest.cpp */ = {isa = PBXFileReference; fileEncoding = 4; lastKnownFileType = sourcecode.cpp.cpp; path = FireworkViewTest.cpp; sourceTree = "<group>"; };
		73B489521E103E5D0028B4EC /* FireworkViewTest.h */ = {isa = PBXFileReference; fileEncoding = 4; lastKnownFileType = sourcecode.c.h; path = FireworkViewTest.h; sourceTree = "<group>"; };
		73B489541E10507F0028B4EC /* particles */ = {isa = PBXFileReference; lastKnownFileType = folder; path = particles; sourceTree = "<group>"; };
		8262943D1AAF051F00CB7CF7 /* Security.framework */ = {isa = PBXFileReference; lastKnownFileType = wrapper.framework; name = Security.framework; path = System/Library/Frameworks/Security.framework; sourceTree = SDKROOT; };
		BF170DB012928DE900B8313A /* OpenGLES.framework */ = {isa = PBXFileReference; lastKnownFileType = wrapper.framework; name = OpenGLES.framework; path = System/Library/Frameworks/OpenGLES.framework; sourceTree = SDKROOT; };
		BF170DB412928DE900B8313A /* libz.dylib */ = {isa = PBXFileReference; lastKnownFileType = "compiled.mach-o.dylib"; name = libz.dylib; path = usr/lib/libz.dylib; sourceTree = SDKROOT; };
		BF1C47EA1293683800B63C5D /* QuartzCore.framework */ = {isa = PBXFileReference; lastKnownFileType = wrapper.framework; name = QuartzCore.framework; path = System/Library/Frameworks/QuartzCore.framework; sourceTree = SDKROOT; };
		D44C620B132DFF330009C878 /* OpenAL.framework */ = {isa = PBXFileReference; lastKnownFileType = wrapper.framework; name = OpenAL.framework; path = System/Library/Frameworks/OpenAL.framework; sourceTree = SDKROOT; };
		D44C620D132DFF430009C878 /* AVFoundation.framework */ = {isa = PBXFileReference; lastKnownFileType = wrapper.framework; name = AVFoundation.framework; path = System/Library/Frameworks/AVFoundation.framework; sourceTree = SDKROOT; };
		D44C620F132DFF4E0009C878 /* AudioToolbox.framework */ = {isa = PBXFileReference; lastKnownFileType = wrapper.framework; name = AudioToolbox.framework; path = System/Library/Frameworks/AudioToolbox.framework; sourceTree = SDKROOT; };
		D6B0611A1803AB670077942B /* CoreMotion.framework */ = {isa = PBXFileReference; lastKnownFileType = wrapper.framework; name = CoreMotion.framework; path = Platforms/iPhoneOS.platform/Developer/SDKs/iPhoneOS7.0.sdk/System/Library/Frameworks/CoreMotion.framework; sourceTree = DEVELOPER_DIR; };
		ED545A7B1B68A1F400C3958E /* libiconv.dylib */ = {isa = PBXFileReference; lastKnownFileType = "compiled.mach-o.dylib"; name = libiconv.dylib; path = Platforms/iPhoneOS.platform/Developer/SDKs/iPhoneOS8.4.sdk/usr/lib/libiconv.dylib; sourceTree = DEVELOPER_DIR; };
		ED545A7D1B68A1FA00C3958E /* libiconv.dylib */ = {isa = PBXFileReference; lastKnownFileType = "compiled.mach-o.dylib"; name = libiconv.dylib; path = usr/lib/libiconv.dylib; sourceTree = SDKROOT; };
/* End PBXFileReference section */

/* Begin PBXFrameworksBuildPhase section */
		1D60588F0D05DD3D006BFB54 /* Frameworks */ = {
			isa = PBXFrameworksBuildPhase;
			buildActionMask = 2147483647;
			files = (
				ED545A7C1B68A1F400C3958E /* libiconv.dylib in Frameworks */,
				52B47A471A53D09C004E4C60 /* Security.framework in Frameworks */,
				1AC6FB30180E99EB004C840B /* libcocos2d iOS.a in Frameworks */,
				D6B0611B1803AB670077942B /* CoreMotion.framework in Frameworks */,
				1D60589F0D05DD5A006BFB54 /* Foundation.framework in Frameworks */,
				1DF5F4E00D08C38300B7A737 /* UIKit.framework in Frameworks */,
				288765A50DF7441C002DB57D /* CoreGraphics.framework in Frameworks */,
				BF171245129291EC00B8313A /* OpenGLES.framework in Frameworks */,
				BF1712471292920000B8313A /* libz.dylib in Frameworks */,
				BF1C47F01293687400B63C5D /* QuartzCore.framework in Frameworks */,
				D44C620C132DFF330009C878 /* OpenAL.framework in Frameworks */,
				D44C620E132DFF430009C878 /* AVFoundation.framework in Frameworks */,
				D44C6210132DFF4E0009C878 /* AudioToolbox.framework in Frameworks */,
			);
			runOnlyForDeploymentPostprocessing = 0;
		};
		5087E75C17EB910900C73F5D /* Frameworks */ = {
			isa = PBXFrameworksBuildPhase;
			buildActionMask = 2147483647;
			files = (
				ED545A7E1B68A1FA00C3958E /* libiconv.dylib in Frameworks */,
				1AC6FB21180E996B004C840B /* libcocos2d Mac.a in Frameworks */,
				5087E76717EB910900C73F5D /* libz.dylib in Frameworks */,
				8262943E1AAF051F00CB7CF7 /* Security.framework in Frameworks */,
				503AE11B17EB9C5A00D1A890 /* IOKit.framework in Frameworks */,
				5087E78B17EB975400C73F5D /* OpenGL.framework in Frameworks */,
				5087E78917EB974C00C73F5D /* AppKit.framework in Frameworks */,
				5087E76317EB910900C73F5D /* Foundation.framework in Frameworks */,
				5087E76817EB910900C73F5D /* QuartzCore.framework in Frameworks */,
				5087E76917EB910900C73F5D /* OpenAL.framework in Frameworks */,
				5087E76A17EB910900C73F5D /* AVFoundation.framework in Frameworks */,
				5087E76B17EB910900C73F5D /* AudioToolbox.framework in Frameworks */,
			);
			runOnlyForDeploymentPostprocessing = 0;
		};
/* End PBXFrameworksBuildPhase section */

/* Begin PBXGroup section */
		080E96DDFE201D6D7F000001 /* ios */ = {
			isa = PBXGroup;
			children = (
				5087E77117EB970100C73F5D /* Icons */,
				503AE0FA17EB989F00D1A890 /* AppController.h */,
				503AE0FB17EB989F00D1A890 /* AppController.mm */,
				503AE0FC17EB989F00D1A890 /* main.m */,
				503AE0FD17EB989F00D1A890 /* Prefix.pch */,
				503AE0FE17EB989F00D1A890 /* RootViewController.h */,
				503AE0FF17EB989F00D1A890 /* RootViewController.mm */,
			);
			name = ios;
			path = Classes;
			sourceTree = "<group>";
		};
		19C28FACFE9D520D11CA2CBB /* Products */ = {
			isa = PBXGroup;
			children = (
				1D6058910D05DD3D006BFB54 /* SimpleTDDDemo-mobile.app */,
				5087E76F17EB910900C73F5D /* SimpleTDDDemo-desktop.app */,
			);
			name = Products;
			sourceTree = "<group>";
		};
		1AC6FAE6180E9839004C840B /* Products */ = {
			isa = PBXGroup;
			children = (
				1AC6FAF9180E9839004C840B /* libcocos2d Mac.a */,
				1AC6FB07180E9839004C840B /* libcocos2d iOS.a */,
			);
			name = Products;
			sourceTree = "<group>";
		};
		29B97314FDCFA39411CA2CEA /* CustomTemplate */ = {
			isa = PBXGroup;
			children = (
				7384BF431D7663C200B9A522 /* README.md */,
				46880B8319C43A87006E1F66 /* Classes */,
				46880B7519C43A67006E1F66 /* Resources */,
				1AC6FAE5180E9839004C840B /* cocos2d_libs.xcodeproj */,
				29B97323FDCFA39411CA2CEA /* Frameworks */,
				080E96DDFE201D6D7F000001 /* ios */,
				503AE10617EB990700D1A890 /* mac */,
				19C28FACFE9D520D11CA2CBB /* Products */,
				7384BF491D7665F400B9A522 /* doc */,
			);
			name = CustomTemplate;
			sourceTree = "<group>";
		};
		29B97323FDCFA39411CA2CEA /* Frameworks */ = {
			isa = PBXGroup;
			children = (
				ED545A7D1B68A1FA00C3958E /* libiconv.dylib */,
				ED545A7B1B68A1F400C3958E /* libiconv.dylib */,
				8262943D1AAF051F00CB7CF7 /* Security.framework */,
				52B47A461A53D09B004E4C60 /* Security.framework */,
				D6B0611A1803AB670077942B /* CoreMotion.framework */,
				503AE11A17EB9C5A00D1A890 /* IOKit.framework */,
				503AE11117EB99EE00D1A890 /* libcurl.dylib */,
				5087E78A17EB975400C73F5D /* OpenGL.framework */,
				5087E78817EB974C00C73F5D /* AppKit.framework */,
				1ACB3243164770DE00914215 /* libcurl.a */,
				BF170DB412928DE900B8313A /* libz.dylib */,
				D44C620F132DFF4E0009C878 /* AudioToolbox.framework */,
				D44C620D132DFF430009C878 /* AVFoundation.framework */,
				288765A40DF7441C002DB57D /* CoreGraphics.framework */,
				1D30AB110D05D00D00671497 /* Foundation.framework */,
				D44C620B132DFF330009C878 /* OpenAL.framework */,
				BF170DB012928DE900B8313A /* OpenGLES.framework */,
				BF1C47EA1293683800B63C5D /* QuartzCore.framework */,
				1DF5F4DF0D08C38300B7A737 /* UIKit.framework */,
			);
			name = Frameworks;
			sourceTree = "<group>";
		};
		46880B7519C43A67006E1F66 /* Resources */ = {
			isa = PBXGroup;
			children = (
				73B489541E10507F0028B4EC /* particles */,
				7384BF401D76615B00B9A522 /* Default */,
				7384BF3D1D76614200B9A522 /* animation */,
				7384BF311D76613500B9A522 /* font */,
				7384BF321D76613500B9A522 /* gui */,
				7384BF331D76613500B9A522 /* image */,
				7384BF341D76613500B9A522 /* spritesheet */,
				7384BF2C1D760C8400B9A522 /* Images.xcassets */,
				521A8EA819F11F5000D177D7 /* fonts */,
				46880B7619C43A67006E1F66 /* CloseNormal.png */,
				46880B7719C43A67006E1F66 /* CloseSelected.png */,
				46880B7A19C43A67006E1F66 /* HelloWorld.png */,
			);
			name = Resources;
			path = ../Resources;
			sourceTree = "<group>";
		};
		46880B8319C43A87006E1F66 /* Classes */ = {
			isa = PBXGroup;
			children = (
				73B489501E103BB40028B4EC /* View */,
				737114101D7F10B600645431 /* Helper */,
				7371140B1D7F0E7A00645431 /* Scene */,
				7384BF4E1D76686500B9A522 /* Common */,
				738D21331D749D9100DBE855 /* SimpleTDD */,
				738D215F1D749D9100DBE855 /* UnitTest */,
				46880B8419C43A87006E1F66 /* AppDelegate.cpp */,
				46880B8519C43A87006E1F66 /* AppDelegate.h */,
				46880B8619C43A87006E1F66 /* HelloWorldScene.cpp */,
				46880B8719C43A87006E1F66 /* HelloWorldScene.h */,
			);
			name = Classes;
			path = ../Classes;
			sourceTree = "<group>";
		};
		503AE0F517EB97AB00D1A890 /* Icons */ = {
			isa = PBXGroup;
			children = (
				503AE0F617EB97AB00D1A890 /* Icon.icns */,
				503AE0F717EB97AB00D1A890 /* Info.plist */,
			);
			name = Icons;
			path = mac;
			sourceTree = SOURCE_ROOT;
		};
		503AE10617EB990700D1A890 /* mac */ = {
			isa = PBXGroup;
			children = (
				503AE0F517EB97AB00D1A890 /* Icons */,
				503AE10317EB98FF00D1A890 /* main.cpp */,
				503AE10417EB98FF00D1A890 /* Prefix.pch */,
			);
			name = mac;
			sourceTree = "<group>";
		};
		5087E77117EB970100C73F5D /* Icons */ = {
			isa = PBXGroup;
			children = (
				521A8E6219F0C34300D177D7 /* Default-667h@2x.png */,
				521A8E6319F0C34300D177D7 /* Default-736h@3x.png */,
				5087E77217EB970100C73F5D /* Default-568h@2x.png */,
				5087E77317EB970100C73F5D /* Default.png */,
				5087E77417EB970100C73F5D /* Default@2x.png */,
				50EF62A017ECD613001EB2F8 /* Icon-29.png */,
				50EF62A117ECD613001EB2F8 /* Icon-50.png */,
				50EF629217ECD46A001EB2F8 /* Icon-40.png */,
				50EF629317ECD46A001EB2F8 /* Icon-58.png */,
				50EF629417ECD46A001EB2F8 /* Icon-80.png */,
				50EF629517ECD46A001EB2F8 /* Icon-100.png */,
				5087E77517EB970100C73F5D /* Icon-114.png */,
				5087E77617EB970100C73F5D /* Icon-120.png */,
				5087E77717EB970100C73F5D /* Icon-144.png */,
				5087E77817EB970100C73F5D /* Icon-152.png */,
				5087E77917EB970100C73F5D /* Icon-57.png */,
				5087E77A17EB970100C73F5D /* Icon-72.png */,
				5087E77B17EB970100C73F5D /* Icon-76.png */,
				5087E77C17EB970100C73F5D /* Info.plist */,
			);
			name = Icons;
			path = ios;
			sourceTree = SOURCE_ROOT;
		};
		7371140B1D7F0E7A00645431 /* Scene */ = {
			isa = PBXGroup;
			children = (
				7371140C1D7F0EB200645431 /* MainScene.cpp */,
				7371140D1D7F0EB200645431 /* MainScene.h */,
				7371141D1D7FA51100645431 /* FlashLightScene.cpp */,
				7371141E1D7FA51100645431 /* FlashLightScene.h */,
				73407B661D807FC400895146 /* SpaceShipScene.cpp */,
				73407B671D807FC400895146 /* SpaceShipScene.h */,
				738AE5191D85AADE00D34144 /* CreditScene.cpp */,
				738AE51A1D85AADE00D34144 /* CreditScene.h */,
			);
			name = Scene;
			sourceTree = "<group>";
		};
		737114101D7F10B600645431 /* Helper */ = {
			isa = PBXGroup;
			children = (
				738AE5131D832AC000D34144 /* GeometryHelper.cpp */,
				738AE5141D832AC000D34144 /* GeometryHelper.h */,
				737114111D7F10B600645431 /* ViewHelper.cpp */,
				737114121D7F10B600645431 /* ViewHelper.h */,
			);
			path = Helper;
			sourceTree = "<group>";
		};
		7384BF491D7665F400B9A522 /* doc */ = {
			isa = PBXGroup;
			children = (
				7384BF461D7665EE00B9A522 /* TODO.md */,
				73B4894C1E101C8E0028B4EC /* MakeFirework.md */,
			);
			name = doc;
			sourceTree = "<group>";
		};
		7384BF4E1D76686500B9A522 /* Common */ = {
			isa = PBXGroup;
			children = (
				7384BF4F1D7668AF00B9A522 /* VisibleRect.cpp */,
				7384BF501D7668AF00B9A522 /* VisibleRect.h */,
			);
			name = Common;
			sourceTree = "<group>";
		};
		738D21331D749D9100DBE855 /* SimpleTDD */ = {
			isa = PBXGroup;
			children = (
				738D21341D749D9100DBE855 /* SampleTest.cpp */,
				738D21351D749D9100DBE855 /* SampleTest.h */,
				738D21361D749D9100DBE855 /* SimpleTDD.cpp */,
				738D21371D749D9100DBE855 /* SimpleTDD.h */,
				738D21381D749D9100DBE855 /* TDD2SampleTest.cpp */,
				738D21391D749D9100DBE855 /* TDD2SampleTest.h */,
				738D213A1D749D9100DBE855 /* TDDBaseTest.cpp */,
				738D213B1D749D9100DBE855 /* TDDBaseTest.h */,
				738D213C1D749D9100DBE855 /* TDDCases.h */,
				738D213D1D749D9100DBE855 /* TDDConstant.h */,
				738D213E1D749D9100DBE855 /* TDDData.cpp */,
				738D213F1D749D9100DBE855 /* TDDData.h */,
				738D21401D749D9100DBE855 /* TDDHelper.cpp */,
				738D21411D749D9100DBE855 /* TDDHelper.h */,
				738D21421D749D9100DBE855 /* TDDLib.h */,
				738D21431D749D9100DBE855 /* TDDMacro.h */,
				738D21441D749D9100DBE855 /* TDDMainLayer.cpp */,
				738D21451D749D9100DBE855 /* TDDMainLayer.h */,
				738D21461D749D9100DBE855 /* TDDManager.cpp */,
				738D21471D749D9100DBE855 /* TDDManager.h */,
				738D21481D749D9100DBE855 /* TDDMenu.cpp */,
				738D21491D749D9100DBE855 /* TDDMenu.h */,
				738D214A1D749D9100DBE855 /* TDDMenuTest.cpp */,
				738D214B1D749D9100DBE855 /* TDDMenuTest.h */,
				738D214C1D749D9100DBE855 /* TDDSample.cpp */,
				738D214D1D749D9100DBE855 /* TDDSample.h */,
				738D214E1D749D9100DBE855 /* TDDSubMenu.cpp */,
				738D214F1D749D9100DBE855 /* TDDSubMenu.h */,
				738D21501D749D9100DBE855 /* TDDSuite.cpp */,
				738D21511D749D9100DBE855 /* TDDSuite.h */,
				738D21521D749D9100DBE855 /* TDDSwitch.cpp */,
				738D21531D749D9100DBE855 /* TDDSwitch.h */,
				738D21541D749D9100DBE855 /* TDDTab.cpp */,
				738D21551D749D9100DBE855 /* TDDTab.h */,
				738D21561D749D9100DBE855 /* TDDTable.cpp */,
				738D21571D749D9100DBE855 /* TDDTable.h */,
				738D21581D749D9100DBE855 /* TDDTest.cpp */,
				738D21591D749D9100DBE855 /* TDDTest.h */,
				738D215A1D749D9100DBE855 /* TDDTestMenu.cpp */,
				738D215B1D749D9100DBE855 /* TDDTestMenu.h */,
				738D215C1D749D9100DBE855 /* TDDTopBar.cpp */,
				738D215D1D749D9100DBE855 /* TDDTopBar.h */,
				738D215E1D749D9100DBE855 /* TDDTypes.h */,
			);
			path = SimpleTDD;
			sourceTree = "<group>";
		};
		738D215F1D749D9100DBE855 /* UnitTest */ = {
			isa = PBXGroup;
			children = (
				73B489511E103E5D0028B4EC /* FireworkViewTest.cpp */,
				73B489521E103E5D0028B4EC /* FireworkViewTest.h */,
				738AE5161D8330AA00D34144 /* GeometryHelperTest.cpp */,
				738AE5171D8330AA00D34144 /* GeometryHelperTest.h */,
				73407B6A1D80812500895146 /* SpaceShipTest.cpp */,
				73407B6B1D80812500895146 /* SpaceShipTest.h */,
				737114191D7F13FB00645431 /* FlashLightTest.cpp */,
				7371141A1D7F13FB00645431 /* FlashLightTest.h */,
				737114151D7F11D800645431 /* MainSceneTest.cpp */,
				737114161D7F11D800645431 /* MainSceneTest.h */,
				73A8C3C31D787D4F004C1DCB /* SpriteTest.cpp */,
				73A8C3C41D787D4F004C1DCB /* SpriteTest.h */,
				7384BF4A1D76684800B9A522 /* SpriteCreateTest.cpp */,
				7384BF4B1D76684800B9A522 /* SpriteCreateTest.h */,
				7384BF2E1D7660DD00B9A522 /* CocosGUITest.cpp */,
				7384BF2F1D7660DD00B9A522 /* CocosGUITest.h */,
				738D21601D749D9100DBE855 /* MyTDDCases.h */,
			);
			path = UnitTest;
			sourceTree = "<group>";
		};
		73B489501E103BB40028B4EC /* View */ = {
			isa = PBXGroup;
			children = (
				73B4894D1E103BA90028B4EC /* FireworkView.cpp */,
				73B4894E1E103BA90028B4EC /* FireworkView.h */,
			);
			name = View;
			sourceTree = "<group>";
		};
/* End PBXGroup section */

/* Begin PBXNativeTarget section */
		1D6058900D05DD3D006BFB54 /* SimpleTDDDemo-mobile */ = {
			isa = PBXNativeTarget;
			buildConfigurationList = 1D6058960D05DD3E006BFB54 /* Build configuration list for PBXNativeTarget "SimpleTDDDemo-mobile" */;
			buildPhases = (
				1D60588D0D05DD3D006BFB54 /* Resources */,
				1D60588E0D05DD3D006BFB54 /* Sources */,
				1D60588F0D05DD3D006BFB54 /* Frameworks */,
			);
			buildRules = (
			);
			dependencies = (
				1AC6FB25180E99E1004C840B /* PBXTargetDependency */,
			);
			name = "SimpleTDDDemo-mobile";
			productName = iphone;
			productReference = 1D6058910D05DD3D006BFB54 /* SimpleTDDDemo-mobile.app */;
			productType = "com.apple.product-type.application";
		};
		5087E73D17EB910900C73F5D /* SimpleTDDDemo-desktop */ = {
			isa = PBXNativeTarget;
			buildConfigurationList = 5087E76C17EB910900C73F5D /* Build configuration list for PBXNativeTarget "SimpleTDDDemo-desktop" */;
			buildPhases = (
				5087E74817EB910900C73F5D /* Resources */,
				5087E75617EB910900C73F5D /* Sources */,
				5087E75C17EB910900C73F5D /* Frameworks */,
			);
			buildRules = (
			);
			dependencies = (
				1AC6FB16180E9959004C840B /* PBXTargetDependency */,
			);
			name = "SimpleTDDDemo-desktop";
			productName = iphone;
			productReference = 5087E76F17EB910900C73F5D /* SimpleTDDDemo-desktop.app */;
			productType = "com.apple.product-type.application";
		};
/* End PBXNativeTarget section */

/* Begin PBXProject section */
		29B97313FDCFA39411CA2CEA /* Project object */ = {
			isa = PBXProject;
			attributes = {
				LastUpgradeCheck = 0500;
			};
			buildConfigurationList = C01FCF4E08A954540054247B /* Build configuration list for PBXProject "SimpleTDDDemo" */;
			compatibilityVersion = "Xcode 3.2";
			developmentRegion = English;
			hasScannedForEncodings = 1;
			knownRegions = (
				English,
				Japanese,
				French,
				German,
			);
			mainGroup = 29B97314FDCFA39411CA2CEA /* CustomTemplate */;
			projectDirPath = "";
			projectReferences = (
				{
					ProductGroup = 1AC6FAE6180E9839004C840B /* Products */;
					ProjectRef = 1AC6FAE5180E9839004C840B /* cocos2d_libs.xcodeproj */;
				},
			);
			projectRoot = "";
			targets = (
				1D6058900D05DD3D006BFB54 /* SimpleTDDDemo-mobile */,
				5087E73D17EB910900C73F5D /* SimpleTDDDemo-desktop */,
			);
		};
/* End PBXProject section */

/* Begin PBXReferenceProxy section */
		1AC6FAF9180E9839004C840B /* libcocos2d Mac.a */ = {
			isa = PBXReferenceProxy;
			fileType = archive.ar;
			path = "libcocos2d Mac.a";
			remoteRef = 1AC6FAF8180E9839004C840B /* PBXContainerItemProxy */;
			sourceTree = BUILT_PRODUCTS_DIR;
		};
		1AC6FB07180E9839004C840B /* libcocos2d iOS.a */ = {
			isa = PBXReferenceProxy;
			fileType = archive.ar;
			path = "libcocos2d iOS.a";
			remoteRef = 1AC6FB06180E9839004C840B /* PBXContainerItemProxy */;
			sourceTree = BUILT_PRODUCTS_DIR;
		};
/* End PBXReferenceProxy section */

/* Begin PBXResourcesBuildPhase section */
		1D60588D0D05DD3D006BFB54 /* Resources */ = {
			isa = PBXResourcesBuildPhase;
			buildActionMask = 2147483647;
			files = (
				7384BF371D76613500B9A522 /* gui in Resources */,
				5087E78117EB970100C73F5D /* Icon-120.png in Resources */,
				5087E78617EB970100C73F5D /* Icon-76.png in Resources */,
				5087E77F17EB970100C73F5D /* Default@2x.png in Resources */,
				7384BF351D76613500B9A522 /* font in Resources */,
				50EF629917ECD46A001EB2F8 /* Icon-100.png in Resources */,
				7384BF391D76613500B9A522 /* image in Resources */,
				7384BF3B1D76613500B9A522 /* spritesheet in Resources */,
				7384BF411D76615B00B9A522 /* Default in Resources */,
				5087E78317EB970100C73F5D /* Icon-152.png in Resources */,
				46880B8119C43A67006E1F66 /* HelloWorld.png in Resources */,
				46880B7D19C43A67006E1F66 /* CloseSelected.png in Resources */,
				5087E77D17EB970100C73F5D /* Default-568h@2x.png in Resources */,
				5087E78517EB970100C73F5D /* Icon-72.png in Resources */,
				7384BF3E1D76614200B9A522 /* animation in Resources */,
				7384BF2D1D760C8400B9A522 /* Images.xcassets in Resources */,
				521A8E6519F0C34300D177D7 /* Default-736h@3x.png in Resources */,
				521A8EA919F11F5000D177D7 /* fonts in Resources */,
				50EF62A317ECD613001EB2F8 /* Icon-50.png in Resources */,
				5087E78017EB970100C73F5D /* Icon-114.png in Resources */,
				73B489551E10507F0028B4EC /* particles in Resources */,
				50EF62A217ECD613001EB2F8 /* Icon-29.png in Resources */,
				50EF629617ECD46A001EB2F8 /* Icon-40.png in Resources */,
				5087E78217EB970100C73F5D /* Icon-144.png in Resources */,
				50EF629817ECD46A001EB2F8 /* Icon-80.png in Resources */,
				5087E78417EB970100C73F5D /* Icon-57.png in Resources */,
				5087E77E17EB970100C73F5D /* Default.png in Resources */,
				521A8E6419F0C34300D177D7 /* Default-667h@2x.png in Resources */,
				46880B7B19C43A67006E1F66 /* CloseNormal.png in Resources */,
				50EF629717ECD46A001EB2F8 /* Icon-58.png in Resources */,
			);
			runOnlyForDeploymentPostprocessing = 0;
		};
		5087E74817EB910900C73F5D /* Resources */ = {
			isa = PBXResourcesBuildPhase;
			buildActionMask = 2147483647;
			files = (
				7384BF3A1D76613500B9A522 /* image in Resources */,
				7384BF3F1D76614200B9A522 /* animation in Resources */,
				7384BF381D76613500B9A522 /* gui in Resources */,
				46880B8219C43A67006E1F66 /* HelloWorld.png in Resources */,
				503AE0F817EB97AB00D1A890 /* Icon.icns in Resources */,
				521A8EAA19F11F5000D177D7 /* fonts in Resources */,
				7384BF361D76613500B9A522 /* font in Resources */,
				46880B7C19C43A67006E1F66 /* CloseNormal.png in Resources */,
				7384BF3C1D76613500B9A522 /* spritesheet in Resources */,
				46880B7E19C43A67006E1F66 /* CloseSelected.png in Resources */,
				7384BF421D76615B00B9A522 /* Default in Resources */,
			);
			runOnlyForDeploymentPostprocessing = 0;
		};
/* End PBXResourcesBuildPhase section */

/* Begin PBXSourcesBuildPhase section */
		1D60588E0D05DD3D006BFB54 /* Sources */ = {
			isa = PBXSourcesBuildPhase;
			buildActionMask = 2147483647;
			files = (
				7371140E1D7F0EB200645431 /* MainScene.cpp in Sources */,
				73407B681D807FC400895146 /* SpaceShipScene.cpp in Sources */,
				7371141F1D7FA51100645431 /* FlashLightScene.cpp in Sources */,
				738D217B1D749D9100DBE855 /* TDDSwitch.cpp in Sources */,
				7384BF301D7660DD00B9A522 /* CocosGUITest.cpp in Sources */,
				73B489531E103E5D0028B4EC /* FireworkViewTest.cpp in Sources */,
				738D21691D749D9100DBE855 /* TDDData.cpp in Sources */,
				738D216B1D749D9100DBE855 /* TDDHelper.cpp in Sources */,
				7384BF4C1D76684800B9A522 /* SpriteCreateTest.cpp in Sources */,
				7384BF441D7663C200B9A522 /* README.md in Sources */,
				738AE51B1D85AADE00D34144 /* CreditScene.cpp in Sources */,
				7371141B1D7F13FB00645431 /* FlashLightTest.cpp in Sources */,
				73A8C3C51D787D4F004C1DCB /* SpriteTest.cpp in Sources */,
				46880B8819C43A87006E1F66 /* AppDelegate.cpp in Sources */,
				738D216F1D749D9100DBE855 /* TDDManager.cpp in Sources */,
				738D216D1D749D9100DBE855 /* TDDMainLayer.cpp in Sources */,
				738D21611D749D9100DBE855 /* SampleTest.cpp in Sources */,
				737114171D7F11D800645431 /* MainSceneTest.cpp in Sources */,
				46880B8A19C43A87006E1F66 /* HelloWorldScene.cpp in Sources */,
				738D21651D749D9100DBE855 /* TDD2SampleTest.cpp in Sources */,
				503AE10017EB989F00D1A890 /* AppController.mm in Sources */,
				7384BF471D7665EF00B9A522 /* TODO.md in Sources */,
				738D21851D749D9100DBE855 /* TDDTopBar.cpp in Sources */,
				738AE5151D832AC000D34144 /* GeometryHelper.cpp in Sources */,
				738D217D1D749D9100DBE855 /* TDDTab.cpp in Sources */,
				73407B6C1D80812500895146 /* SpaceShipTest.cpp in Sources */,
				738D21711D749D9100DBE855 /* TDDMenu.cpp in Sources */,
				738D21771D749D9100DBE855 /* TDDSubMenu.cpp in Sources */,
				738D21791D749D9100DBE855 /* TDDSuite.cpp in Sources */,
				7384BF511D7668AF00B9A522 /* VisibleRect.cpp in Sources */,
				503AE10217EB989F00D1A890 /* RootViewController.mm in Sources */,
				738D217F1D749D9100DBE855 /* TDDTable.cpp in Sources */,
				738D21811D749D9100DBE855 /* TDDTest.cpp in Sources */,
				738D21671D749D9100DBE855 /* TDDBaseTest.cpp in Sources */,
				737114131D7F10B600645431 /* ViewHelper.cpp in Sources */,
				738AE5181D8330AA00D34144 /* GeometryHelperTest.cpp in Sources */,
				738D21751D749D9100DBE855 /* TDDSample.cpp in Sources */,
				738D21631D749D9100DBE855 /* SimpleTDD.cpp in Sources */,
				738D21831D749D9100DBE855 /* TDDTestMenu.cpp in Sources */,
				738D21731D749D9100DBE855 /* TDDMenuTest.cpp in Sources */,
				503AE10117EB989F00D1A890 /* main.m in Sources */,
				73B4894F1E103BA90028B4EC /* FireworkView.cpp in Sources */,
			);
			runOnlyForDeploymentPostprocessing = 0;
		};
		5087E75617EB910900C73F5D /* Sources */ = {
			isa = PBXSourcesBuildPhase;
			buildActionMask = 2147483647;
			files = (
				738D21841D749D9100DBE855 /* TDDTestMenu.cpp in Sources */,
				738D21741D749D9100DBE855 /* TDDMenuTest.cpp in Sources */,
				46880B8919C43A87006E1F66 /* AppDelegate.cpp in Sources */,
				738D217E1D749D9100DBE855 /* TDDTab.cpp in Sources */,
				737114181D7F11D800645431 /* MainSceneTest.cpp in Sources */,
				738D21861D749D9100DBE855 /* TDDTopBar.cpp in Sources */,
				7371140F1D7F0EB200645431 /* MainScene.cpp in Sources */,
				738D21721D749D9100DBE855 /* TDDMenu.cpp in Sources */,
				738D21821D749D9100DBE855 /* TDDTest.cpp in Sources */,
				738D21801D749D9100DBE855 /* TDDTable.cpp in Sources */,
				7384BF451D7663C200B9A522 /* README.md in Sources */,
				738D217A1D749D9100DBE855 /* TDDSuite.cpp in Sources */,
				7384BF4D1D76684800B9A522 /* SpriteCreateTest.cpp in Sources */,
				738AE51C1D85AADE00D34144 /* CreditScene.cpp in Sources */,
				738D21781D749D9100DBE855 /* TDDSubMenu.cpp in Sources */,
				738D21621D749D9100DBE855 /* SampleTest.cpp in Sources */,
				737114141D7F10B600645431 /* ViewHelper.cpp in Sources */,
				7384BF481D7665EF00B9A522 /* TODO.md in Sources */,
				73407B691D807FC400895146 /* SpaceShipScene.cpp in Sources */,
				738D216A1D749D9100DBE855 /* TDDData.cpp in Sources */,
				738D21701D749D9100DBE855 /* TDDManager.cpp in Sources */,
				73407B6D1D80812500895146 /* SpaceShipTest.cpp in Sources */,
				7384BF521D7668AF00B9A522 /* VisibleRect.cpp in Sources */,
				503AE10517EB98FF00D1A890 /* main.cpp in Sources */,
				7371141C1D7F13FB00645431 /* FlashLightTest.cpp in Sources */,
				738D216C1D749D9100DBE855 /* TDDHelper.cpp in Sources */,
				738D21681D749D9100DBE855 /* TDDBaseTest.cpp in Sources */,
				737114201D7FA51100645431 /* FlashLightScene.cpp in Sources */,
				738D217C1D749D9100DBE855 /* TDDSwitch.cpp in Sources */,
				738D21641D749D9100DBE855 /* SimpleTDD.cpp in Sources */,
				738D21761D749D9100DBE855 /* TDDSample.cpp in Sources */,
				738D216E1D749D9100DBE855 /* TDDMainLayer.cpp in Sources */,
				46880B8B19C43A87006E1F66 /* HelloWorldScene.cpp in Sources */,
				738D21661D749D9100DBE855 /* TDD2SampleTest.cpp in Sources */,
			);
			runOnlyForDeploymentPostprocessing = 0;
		};
/* End PBXSourcesBuildPhase section */

/* Begin PBXTargetDependency section */
		1AC6FB16180E9959004C840B /* PBXTargetDependency */ = {
			isa = PBXTargetDependency;
			name = "cocos2dx Mac";
			targetProxy = 1AC6FB15180E9959004C840B /* PBXContainerItemProxy */;
		};
		1AC6FB25180E99E1004C840B /* PBXTargetDependency */ = {
			isa = PBXTargetDependency;
			name = "cocos2dx iOS";
			targetProxy = 1AC6FB24180E99E1004C840B /* PBXContainerItemProxy */;
		};
/* End PBXTargetDependency section */

/* Begin XCBuildConfiguration section */
		1D6058940D05DD3E006BFB54 /* Debug */ = {
			isa = XCBuildConfiguration;
			buildSettings = {
				ALWAYS_SEARCH_USER_PATHS = YES;
				ASSETCATALOG_COMPILER_APPICON_NAME = AppIcon;
				ASSETCATALOG_COMPILER_LAUNCHIMAGE_NAME = "Brand Assets";
				CODE_SIGN_IDENTITY = "iPhone Developer";
				COMPRESS_PNG_FILES = NO;
				DEBUG_INFORMATION_FORMAT = dwarf;
				ENABLE_BITCODE = NO;
				GCC_DYNAMIC_NO_PIC = NO;
				GCC_INLINES_ARE_PRIVATE_EXTERN = NO;
				GCC_PRECOMPILE_PREFIX_HEADER = YES;
				GCC_PREFIX_HEADER = ios/Prefix.pch;
				GCC_PREPROCESSOR_DEFINITIONS = (
					USE_FILE32API,
					CC_TARGET_OS_IPHONE,
					"COCOS2D_DEBUG=1",
					"CC_ENABLE_CHIPMUNK_INTEGRATION=1",
					"ENABLE_TDD=1",
				);
				GCC_SYMBOLS_PRIVATE_EXTERN = NO;
				HEADER_SEARCH_PATHS = (
					"$(inherited)",
					"$(SRCROOT)/../cocos2d/cocos/platform/ios",
					"$(SRCROOT)/../cocos2d/cocos/platform/ios/Simulation",
				);
				INFOPLIST_FILE = ios/Info.plist;
				IPHONEOS_DEPLOYMENT_TARGET = 6.0;
				LIBRARY_SEARCH_PATHS = "";
				OTHER_LDFLAGS = (
					"$(_COCOS_LIB_IOS_BEGIN)",
					"$(_COCOS_LIB_IOS_END)",
				);
				SDKROOT = iphoneos;
				TARGETED_DEVICE_FAMILY = "1,2";
				USER_HEADER_SEARCH_PATHS = "$(_COCOS_HEADER_IOS_BEGIN) $(_COCOS_HEADER_IOS_END)";
				VALID_ARCHS = "arm64 armv7";
			};
			name = Debug;
		};
		1D6058950D05DD3E006BFB54 /* Release */ = {
			isa = XCBuildConfiguration;
			buildSettings = {
				ALWAYS_SEARCH_USER_PATHS = YES;
				ASSETCATALOG_COMPILER_APPICON_NAME = AppIcon;
				ASSETCATALOG_COMPILER_LAUNCHIMAGE_NAME = "Brand Assets";
				CODE_SIGN_IDENTITY = "iPhone Developer";
				COMPRESS_PNG_FILES = NO;
				DEBUG_INFORMATION_FORMAT = dwarf;
				ENABLE_BITCODE = NO;
				GCC_INLINES_ARE_PRIVATE_EXTERN = NO;
				GCC_PRECOMPILE_PREFIX_HEADER = YES;
				GCC_PREFIX_HEADER = ios/Prefix.pch;
				GCC_PREPROCESSOR_DEFINITIONS = (
					USE_FILE32API,
					CC_TARGET_OS_IPHONE,
					"CC_ENABLE_CHIPMUNK_INTEGRATION=1",
				);
				GCC_SYMBOLS_PRIVATE_EXTERN = NO;
				HEADER_SEARCH_PATHS = (
					"$(inherited)",
					"$(SRCROOT)/../cocos2d/cocos/platform/ios",
					"$(SRCROOT)/../cocos2d/cocos/platform/ios/Simulation",
				);
				INFOPLIST_FILE = ios/Info.plist;
				IPHONEOS_DEPLOYMENT_TARGET = 6.0;
				LIBRARY_SEARCH_PATHS = "";
				OTHER_LDFLAGS = (
					"$(_COCOS_LIB_IOS_BEGIN)",
					"$(_COCOS_LIB_IOS_END)",
				);
				SDKROOT = iphoneos;
				TARGETED_DEVICE_FAMILY = "1,2";
				USER_HEADER_SEARCH_PATHS = "$(_COCOS_HEADER_IOS_BEGIN) $(_COCOS_HEADER_IOS_END)";
				VALID_ARCHS = "arm64 armv7";
			};
			name = Release;
		};
		5087E76D17EB910900C73F5D /* Debug */ = {
			isa = XCBuildConfiguration;
			buildSettings = {
				ALWAYS_SEARCH_USER_PATHS = YES;
				ARCHS = "$(ARCHS_STANDARD_64_BIT)";
				CLANG_CXX_LANGUAGE_STANDARD = "c++0x";
				CLANG_CXX_LIBRARY = "libc++";
				GCC_DYNAMIC_NO_PIC = NO;
				GCC_INLINES_ARE_PRIVATE_EXTERN = NO;
				GCC_PRECOMPILE_PREFIX_HEADER = YES;
				GCC_PREFIX_HEADER = mac/Prefix.pch;
				GCC_PREPROCESSOR_DEFINITIONS = (
					USE_FILE32API,
					CC_TARGET_OS_MAC,
					"COCOS2D_DEBUG=1",
					"CC_ENABLE_CHIPMUNK_INTEGRATION=1",
				);
				GCC_SYMBOLS_PRIVATE_EXTERN = NO;
				HEADER_SEARCH_PATHS = (
					"$(inherited)",
					"$(SRCROOT)/../cocos2d/cocos/platform/mac",
					"$(SRCROOT)/../cocos2d/external/glfw3/include/mac",
				);
				INFOPLIST_FILE = mac/Info.plist;
				LIBRARY_SEARCH_PATHS = "";
				OTHER_LDFLAGS = (
					"$(_COCOS_LIB_MAC_BEGIN)",
					"$(_COCOS_LIB_MAC_END)",
				);
				USER_HEADER_SEARCH_PATHS = "$(_COCOS_HEADER_MAC_BEGIN) $(_COCOS_HEADER_MAC_END)";
			};
			name = Debug;
		};
		5087E76E17EB910900C73F5D /* Release */ = {
			isa = XCBuildConfiguration;
			buildSettings = {
				ALWAYS_SEARCH_USER_PATHS = YES;
				ARCHS = "$(ARCHS_STANDARD_64_BIT)";
				CLANG_CXX_LANGUAGE_STANDARD = "c++0x";
				CLANG_CXX_LIBRARY = "libc++";
				GCC_INLINES_ARE_PRIVATE_EXTERN = NO;
				GCC_PRECOMPILE_PREFIX_HEADER = YES;
				GCC_PREFIX_HEADER = mac/Prefix.pch;
				GCC_PREPROCESSOR_DEFINITIONS = (
					USE_FILE32API,
					CC_TARGET_OS_MAC,
					"CC_ENABLE_CHIPMUNK_INTEGRATION=1",
				);
				GCC_SYMBOLS_PRIVATE_EXTERN = NO;
				HEADER_SEARCH_PATHS = (
					"$(inherited)",
					"$(SRCROOT)/../cocos2d/cocos/platform/mac",
					"$(SRCROOT)/../cocos2d/external/glfw3/include/mac",
				);
				INFOPLIST_FILE = mac/Info.plist;
				LIBRARY_SEARCH_PATHS = "";
				OTHER_LDFLAGS = (
					"$(_COCOS_LIB_MAC_BEGIN)",
					"$(_COCOS_LIB_MAC_END)",
				);
				USER_HEADER_SEARCH_PATHS = "$(_COCOS_HEADER_MAC_BEGIN) $(_COCOS_HEADER_MAC_END)";
			};
			name = Release;
		};
		C01FCF4F08A954540054247B /* Debug */ = {
			isa = XCBuildConfiguration;
			buildSettings = {
				CLANG_CXX_LANGUAGE_STANDARD = "c++0x";
				CLANG_CXX_LIBRARY = "libc++";
				COPY_PHASE_STRIP = NO;
				GCC_OPTIMIZATION_LEVEL = 0;
				GCC_WARN_ABOUT_RETURN_TYPE = YES;
				GCC_WARN_UNUSED_VARIABLE = YES;
				HEADER_SEARCH_PATHS = (
					"$(SRCROOT)/../cocos2d",
					"$(SRCROOT)/../cocos2d/cocos",
					"$(SRCROOT)/../cocos2d/cocos/base",
					"$(SRCROOT)/../cocos2d/cocos/physics",
					"$(SRCROOT)/../cocos2d/cocos/math",
					"$(SRCROOT)/../cocos2d/cocos/2d",
					"$(SRCROOT)/../cocos2d/cocos/ui",
					"$(SRCROOT)/../cocos2d/cocos/network",
					"$(SRCROOT)/../cocos2d/cocos/audio/include",
					"$(SRCROOT)/../cocos2d/cocos/editor-support",
					"$(SRCROOT)/../cocos2d/extensions",
					"$(SRCROOT)/../cocos2d/external",
					"$(SRCROOT)/../cocos2d/external/chipmunk/include/chipmunk",
				);
				IPHONEOS_DEPLOYMENT_TARGET = 6.0;
				MACOSX_DEPLOYMENT_TARGET = 10.7;
				ONLY_ACTIVE_ARCH = YES;
				PRODUCT_NAME = "$(TARGET_NAME)";
				SDKROOT = macosx;
			};
			name = Debug;
		};
		C01FCF5008A954540054247B /* Release */ = {
			isa = XCBuildConfiguration;
			buildSettings = {
				CLANG_CXX_LANGUAGE_STANDARD = "c++0x";
				CLANG_CXX_LIBRARY = "libc++";
				GCC_WARN_ABOUT_RETURN_TYPE = YES;
				GCC_WARN_UNUSED_VARIABLE = YES;
				HEADER_SEARCH_PATHS = (
					"$(SRCROOT)/../cocos2d",
					"$(SRCROOT)/../cocos2d/cocos",
					"$(SRCROOT)/../cocos2d/cocos/base",
					"$(SRCROOT)/../cocos2d/cocos/physics",
					"$(SRCROOT)/../cocos2d/cocos/math",
					"$(SRCROOT)/../cocos2d/cocos/2d",
					"$(SRCROOT)/../cocos2d/cocos/ui",
					"$(SRCROOT)/../cocos2d/cocos/network",
					"$(SRCROOT)/../cocos2d/cocos/audio/include",
					"$(SRCROOT)/../cocos2d/cocos/editor-support",
					"$(SRCROOT)/../cocos2d/extensions",
					"$(SRCROOT)/../cocos2d/external",
					"$(SRCROOT)/../cocos2d/external/chipmunk/include/chipmunk",
				);
				IPHONEOS_DEPLOYMENT_TARGET = 6.0;
				MACOSX_DEPLOYMENT_TARGET = 10.7;
				OTHER_CFLAGS = "-DNS_BLOCK_ASSERTIONS=1";
				PRODUCT_NAME = "$(TARGET_NAME)";
				SDKROOT = macosx;
				VALIDATE_PRODUCT = YES;
			};
			name = Release;
		};
/* End XCBuildConfiguration section */

/* Begin XCConfigurationList section */
		1D6058960D05DD3E006BFB54 /* Build configuration list for PBXNativeTarget "SimpleTDDDemo-mobile" */ = {
			isa = XCConfigurationList;
			buildConfigurations = (
				1D6058940D05DD3E006BFB54 /* Debug */,
				1D6058950D05DD3E006BFB54 /* Release */,
			);
			defaultConfigurationIsVisible = 0;
			defaultConfigurationName = Debug;
		};
		5087E76C17EB910900C73F5D /* Build configuration list for PBXNativeTarget "SimpleTDDDemo-desktop" */ = {
			isa = XCConfigurationList;
			buildConfigurations = (
				5087E76D17EB910900C73F5D /* Debug */,
				5087E76E17EB910900C73F5D /* Release */,
			);
			defaultConfigurationIsVisible = 0;
			defaultConfigurationName = Debug;
		};
		C01FCF4E08A954540054247B /* Build configuration list for PBXProject "SimpleTDDDemo" */ = {
			isa = XCConfigurationList;
			buildConfigurations = (
				C01FCF4F08A954540054247B /* Debug */,
				C01FCF5008A954540054247B /* Release */,
			);
			defaultConfigurationIsVisible = 0;
			defaultConfigurationName = Debug;
		};
/* End XCConfigurationList section */
	};
	rootObject = 29B97313FDCFA39411CA2CEA /* Project object */;
}
